PODS:
  - 1PasswordExtension (1.8.4)
  - Alamofire (3.5.0)
  - AlamofireObjectMapper (3.0.2):
    - Alamofire (~> 3.2)
    - ObjectMapper (~> 1.0)
  - DateTools (1.7.0)
  - DZNEmptyDataSet (1.8.1)
  - Eureka (1.7.0)
  - GrowingIO (0.9.39)
  - JVFloatLabeledTextField (1.1.1)
  - MJRefresh (3.1.12)
  - NJKWebViewProgress (0.2.3):
    - NJKWebViewProgress/Core (= 0.2.3)
    - NJKWebViewProgress/ProgressView (= 0.2.3)
  - NJKWebViewProgress/Core (0.2.3)
  - NJKWebViewProgress/ProgressView (0.2.3)
  - ObjectMapper (1.5.0)
  - Reveal-iOS-SDK (1.6.2)
  - SDWebImage (3.8.2):
    - SDWebImage/Core (= 3.8.2)
  - SDWebImage/Core (3.8.2)
  - SnapKit (0.22.0)
  - SVProgressHUD (2.0.3)
  - TUSafariActivity (1.0.4)
  - XLPagerTabStrip (5.1.0)

DEPENDENCIES:
  - 1PasswordExtension (~> 1.8.2)
  - Alamofire (from `https://github.com/Alamofire/Alamofire.git`, tag `3.5.0`)
  - AlamofireObjectMapper (~> 3.0)
  - DateTools
  - DZNEmptyDataSet
  - Eureka (from `https://github.com/xmartlabs/Eureka.git`, branch `swift2.3`)
  - GrowingIO
  - JVFloatLabeledTextField
  - MJRefresh
  - NJKWebViewProgress
  - ObjectMapper (~> 1.3)
  - Reveal-iOS-SDK
  - SDWebImage (~> 3.8)
  - SnapKit (~> 0.22.0)
  - SVProgressHUD
  - TUSafariActivity (~> 1.0)
  - XLPagerTabStrip (~> 5.0)

EXTERNAL SOURCES:
  Alamofire:
    :git: https://github.com/Alamofire/Alamofire.git
    :tag: 3.5.0
  Eureka:
    :branch: swift2.3
    :git: https://github.com/xmartlabs/Eureka.git

CHECKOUT OPTIONS:
  Alamofire:
    :git: https://github.com/Alamofire/Alamofire.git
    :tag: 3.5.0
  Eureka:
    :commit: be9e11baaba4092c36373e8c8ba774fddd6788cc
    :git: https://github.com/xmartlabs/Eureka.git

SPEC CHECKSUMS:
  1PasswordExtension: e775a29310c65851e5a6cec1afc349ab4e334e47
  Alamofire: b70a7352335f8ea5babd0a923eb7e8eacc67b877
  AlamofireObjectMapper: 70f97cbf45c01c48d26aa07a1a7059a60ed7411d
  DateTools: 53288ee8b905fdc75897a1e6b5cc0144b14cba60
  DZNEmptyDataSet: 9525833b9e68ac21c30253e1d3d7076cc828eaa7
  Eureka: 2020d9faeef7b7e9adeb9e3d8af779e5931c1897
  GrowingIO: ed7ec10fe1956a4915c1c3b3f3bfceee79e291dc
  JVFloatLabeledTextField: 0e5524b097f102036214dd8279edc8ecf08b5e18
  MJRefresh: b96cdb21c4aa75a7b07654311ab2f315c497e806
  NJKWebViewProgress: f481fd424cb5ecc27eacae11b5397db92fba9a4d
  ObjectMapper: 386645adca9d9d23b95eda43090b09d66444cf14
  Reveal-iOS-SDK: e2250b3c155bcfac53ae223ddc1f76d08f206c33
  SDWebImage: 098e97e6176540799c27e804c96653ee0833d13c
  SnapKit: 0dd2fd157330f1ea11fd84da13e6be8a7a22bae0
  SVProgressHUD: b0830714205bea1317ea1a2ebc71e5633af334d4
  TUSafariActivity: afc55a00965377939107ce4fdc7f951f62454546
  XLPagerTabStrip: 9191deaa2336735b7c47beb21e42be537fa4242a

PODFILE CHECKSUM: 8ea28026dce919dd5d86d3c050b7cf32d5d17a4f

COCOAPODS: 1.0.1
