// !$*UTF8*$!
{
	archiveVersion = 1;
	classes = {
	};
	objectVersion = 46;
	objects = {

/* Begin PBXBuildFile section */
		34D61A55424D9306A1CE7AF4 /* Pods_DazaUITests.framework in Frameworks */ = {isa = PBXBuildFile; fileRef = AC039F93BC51F3874BC22538 /* Pods_DazaUITests.framework */; };
		57F281865FD8154099281280 /* Pods_Daza.framework in Frameworks */ = {isa = PBXBuildFile; fileRef = E8FE8D8F603C29202F719D14 /* Pods_Daza.framework */; };
		87A9E137F2134802C2C6A256 /* ArticleLike.swift in Sources */ = {isa = PBXBuildFile; fileRef = 87A9E7EBD782B2C9B9416FA7 /* ArticleLike.swift */; };
		87A9E1694B7A710269A80A3D /* Tag.swift in Sources */ = {isa = PBXBuildFile; fileRef = 87A9EE2C991C5D4C6847BA5E /* Tag.swift */; };
		87A9E3316C0FA4311D494D29 /* .gitkeep in Resources */ = {isa = PBXBuildFile; fileRef = 87A9EAD8B7E0DF77E26EDF64 /* .gitkeep */; };
		87A9E6FFFD865256D58D2101 /* ArticleComment.swift in Sources */ = {isa = PBXBuildFile; fileRef = 87A9E55993BF199D4903D243 /* ArticleComment.swift */; };
		87A9E778BC2C5BBE943FA230 /* Asset.swift in Sources */ = {isa = PBXBuildFile; fileRef = 87A9EC9EACEF7EA84A069AEE /* Asset.swift */; };
		87A9E7D886BA6F11CF2CB320 /* Topic.swift in Sources */ = {isa = PBXBuildFile; fileRef = 87A9E604BB94E87DB92A27CE /* Topic.swift */; };
		87A9EBE7A069F7FA29B9AE27 /* Notification.swift in Sources */ = {isa = PBXBuildFile; fileRef = 87A9EF44F702E9045B64697D /* Notification.swift */; };
		87A9ECA0E17B0C722735E6F4 /* LoginController.swift in Sources */ = {isa = PBXBuildFile; fileRef = 87A9E29C83BFF3795EE8716E /* LoginController.swift */; };
		87A9EEBC6C4B59CC03C29050 /* Article.swift in Sources */ = {isa = PBXBuildFile; fileRef = 87A9E72A1D10D0CC1228D179 /* Article.swift */; };
		87A9EF8BA4E71486C947AACF /* User.swift in Sources */ = {isa = PBXBuildFile; fileRef = 87A9E6FBE730848C0539CFAB /* User.swift */; };
		8A3736963DF62D544E5F34D9 /* Pods_DazaTests.framework in Frameworks */ = {isa = PBXBuildFile; fileRef = 8C4D813867A740C3F0DC5296 /* Pods_DazaTests.framework */; };
		F50DA7A51D446E950040995B /* DefaultListErrorHandler.swift in Sources */ = {isa = PBXBuildFile; fileRef = F50DA7A41D446E950040995B /* DefaultListErrorHandler.swift */; };
		F514AE821D40DF3A00A68590 /* FollowingItemCell.swift in Sources */ = {isa = PBXBuildFile; fileRef = F514AE811D40DF3A00A68590 /* FollowingItemCell.swift */; };
		F514AE841D40DF4900A68590 /* FollowingItemCell.xib in Resources */ = {isa = PBXBuildFile; fileRef = F514AE831D40DF4900A68590 /* FollowingItemCell.xib */; };
		F514AE861D40DFE800A68590 /* FollowersItemCell.xib in Resources */ = {isa = PBXBuildFile; fileRef = F514AE851D40DFE800A68590 /* FollowersItemCell.xib */; };
		F514AE881D40DFF300A68590 /* FollowersItemCell.swift in Sources */ = {isa = PBXBuildFile; fileRef = F514AE871D40DFF300A68590 /* FollowersItemCell.swift */; };
		F514AE8A1D4104ED00A68590 /* NotificationSettingsController.swift in Sources */ = {isa = PBXBuildFile; fileRef = F514AE891D4104ED00A68590 /* NotificationSettingsController.swift */; };
		F514AE8F1D410D5E00A68590 /* HomeIndexController.swift in Sources */ = {isa = PBXBuildFile; fileRef = F514AE8E1D410D5E00A68590 /* HomeIndexController.swift */; };
		F514AE911D410D7200A68590 /* BaseButtonBarPagerTabStripViewController.swift in Sources */ = {isa = PBXBuildFile; fileRef = F514AE901D410D7200A68590 /* BaseButtonBarPagerTabStripViewController.swift */; };
		F514AE931D41329F00A68590 /* ArticleNoImageItemCell.xib in Resources */ = {isa = PBXBuildFile; fileRef = F514AE921D41329F00A68590 /* ArticleNoImageItemCell.xib */; };
		F51918241D33621F0012897F /* BaseTableViewController.swift in Sources */ = {isa = PBXBuildFile; fileRef = F51918231D33621F0012897F /* BaseTableViewController.swift */; };
		F51918261D33629A0012897F /* BaseListController.swift in Sources */ = {isa = PBXBuildFile; fileRef = F51918251D33629A0012897F /* BaseListController.swift */; };
		F51918281D3363890012897F /* HomeMineController.swift in Sources */ = {isa = PBXBuildFile; fileRef = F51918271D3363890012897F /* HomeMineController.swift */; };
		F519182D1D3364F80012897F /* UIViewControllerExtension.swift in Sources */ = {isa = PBXBuildFile; fileRef = F519182C1D3364F80012897F /* UIViewControllerExtension.swift */; };
		F519182F1D33668D0012897F /* BaseNavigationController.swift in Sources */ = {isa = PBXBuildFile; fileRef = F519182E1D33668D0012897F /* BaseNavigationController.swift */; };
		F51918321D33677B0012897F /* HomeExploreController.swift in Sources */ = {isa = PBXBuildFile; fileRef = F51918301D33677B0012897F /* HomeExploreController.swift */; };
		F51918331D33677B0012897F /* ArticlesController.swift in Sources */ = {isa = PBXBuildFile; fileRef = F51918311D33677B0012897F /* ArticlesController.swift */; };
		F51918381D337C0B0012897F /* ArticleCommentsController.swift in Sources */ = {isa = PBXBuildFile; fileRef = F51918341D337C0A0012897F /* ArticleCommentsController.swift */; };
		F51918391D337C0B0012897F /* ArticleDetailController.swift in Sources */ = {isa = PBXBuildFile; fileRef = F51918351D337C0B0012897F /* ArticleDetailController.swift */; };
		F519183A1D337C0B0012897F /* ArticleLikesController.swift in Sources */ = {isa = PBXBuildFile; fileRef = F51918361D337C0B0012897F /* ArticleLikesController.swift */; };
		F519183B1D337C0B0012897F /* TopicCreateController.swift in Sources */ = {isa = PBXBuildFile; fileRef = F51918371D337C0B0012897F /* TopicCreateController.swift */; };
		F51918411D33E48C0012897F /* SearchController.swift in Sources */ = {isa = PBXBuildFile; fileRef = F51918401D33E48C0012897F /* SearchController.swift */; };
		F51918431D33E8150012897F /* UserDetailController.swift in Sources */ = {isa = PBXBuildFile; fileRef = F51918421D33E8150012897F /* UserDetailController.swift */; };
		F51918451D33EA070012897F /* BaseGroupedListController.swift in Sources */ = {isa = PBXBuildFile; fileRef = F51918441D33EA070012897F /* BaseGroupedListController.swift */; };
		F519184C1D34BB310012897F /* InAppBrowserController.swift in Sources */ = {isa = PBXBuildFile; fileRef = F519184B1D34BB310012897F /* InAppBrowserController.swift */; };
		F519184E1D34DA310012897F /* NSObjectExtension.swift in Sources */ = {isa = PBXBuildFile; fileRef = F519184D1D34DA310012897F /* NSObjectExtension.swift */; };
		F51D307D1D471ED700B3416F /* BaseWebViewController.swift in Sources */ = {isa = PBXBuildFile; fileRef = F51D307C1D471ED700B3416F /* BaseWebViewController.swift */; };
		F51D307F1D477F7400B3416F /* OwnArticlesController.swift in Sources */ = {isa = PBXBuildFile; fileRef = F51D307E1D477F7400B3416F /* OwnArticlesController.swift */; };
		F51D30811D477F8200B3416F /* OwnTopicsController.swift in Sources */ = {isa = PBXBuildFile; fileRef = F51D30801D477F8200B3416F /* OwnTopicsController.swift */; };
		F51D30831D47800700B3416F /* OwnFavoritesController.swift in Sources */ = {isa = PBXBuildFile; fileRef = F51D30821D47800700B3416F /* OwnFavoritesController.swift */; };
		F52C55241D3E710100819C6D /* UIViewExtension.swift in Sources */ = {isa = PBXBuildFile; fileRef = F52C55231D3E710100819C6D /* UIViewExtension.swift */; };
		F5338A1A1D35490B00B3D44F /* URLs.swift in Sources */ = {isa = PBXBuildFile; fileRef = F5338A191D35490B00B3D44F /* URLs.swift */; };
		F5338A1C1D354A3500B3D44F /* Result.swift in Sources */ = {isa = PBXBuildFile; fileRef = F5338A1B1D354A3500B3D44F /* Result.swift */; };
		F5342BA91DB25B3C009A5D25 /* UserConfig.swift in Sources */ = {isa = PBXBuildFile; fileRef = F5342BA81DB25B3C009A5D25 /* UserConfig.swift */; };
		F5342BAB1DB25E27009A5D25 /* ArticleVote.swift in Sources */ = {isa = PBXBuildFile; fileRef = F5342BAA1DB25E27009A5D25 /* ArticleVote.swift */; };
		F5342BAF1DB3B637009A5D25 /* TopicDetailHeaderView.swift in Sources */ = {isa = PBXBuildFile; fileRef = F5342BAD1DB3B637009A5D25 /* TopicDetailHeaderView.swift */; };
		F5342BB01DB3B637009A5D25 /* TopicDetailHeaderView.xib in Resources */ = {isa = PBXBuildFile; fileRef = F5342BAE1DB3B637009A5D25 /* TopicDetailHeaderView.xib */; };
		F5342BB21DB3BC18009A5D25 /* ArticleCommentItemCell.swift in Sources */ = {isa = PBXBuildFile; fileRef = F5342BB11DB3BC18009A5D25 /* ArticleCommentItemCell.swift */; };
		F5342BB41DB3BC2B009A5D25 /* ArticleCommentItemCell.xib in Resources */ = {isa = PBXBuildFile; fileRef = F5342BB31DB3BC2B009A5D25 /* ArticleCommentItemCell.xib */; };
		F5342F0E1D3FB0E10076BBF8 /* FollowersController.swift in Sources */ = {isa = PBXBuildFile; fileRef = F5342F0D1D3FB0E10076BBF8 /* FollowersController.swift */; };
		F5342F101D3FB0F50076BBF8 /* FollowingController.swift in Sources */ = {isa = PBXBuildFile; fileRef = F5342F0F1D3FB0F50076BBF8 /* FollowingController.swift */; };
		F5342F1B1D4083D60076BBF8 /* Category.swift in Sources */ = {isa = PBXBuildFile; fileRef = F5342F1A1D4083D60076BBF8 /* Category.swift */; };
		F53DCFD11D3D1C65000180E4 /* ArticleBigImageItemCell.xib in Resources */ = {isa = PBXBuildFile; fileRef = F53DCFD01D3D1C65000180E4 /* ArticleBigImageItemCell.xib */; };
		F553D5121DBA5B61007FB06F /* NotificationItemCell.swift in Sources */ = {isa = PBXBuildFile; fileRef = F553D5111DBA5B61007FB06F /* NotificationItemCell.swift */; };
		F553D5141DBA5B79007FB06F /* NotificationItemCell.xib in Resources */ = {isa = PBXBuildFile; fileRef = F553D5131DBA5B79007FB06F /* NotificationItemCell.xib */; };
		F56D2B011D3121AC004A92DD /* AppDelegate.swift in Sources */ = {isa = PBXBuildFile; fileRef = F56D2B001D3121AC004A92DD /* AppDelegate.swift */; };
		F56D2B081D3121AC004A92DD /* Main.storyboard in Resources */ = {isa = PBXBuildFile; fileRef = F56D2B061D3121AC004A92DD /* Main.storyboard */; };
		F56D2B0A1D3121AC004A92DD /* Assets.xcassets in Resources */ = {isa = PBXBuildFile; fileRef = F56D2B091D3121AC004A92DD /* Assets.xcassets */; };
		F56D2B0D1D3121AC004A92DD /* LaunchScreen.storyboard in Resources */ = {isa = PBXBuildFile; fileRef = F56D2B0B1D3121AC004A92DD /* LaunchScreen.storyboard */; };
		F56D2B181D3121AC004A92DD /* DazaTests.swift in Sources */ = {isa = PBXBuildFile; fileRef = F56D2B171D3121AC004A92DD /* DazaTests.swift */; };
		F56D2B231D3121AC004A92DD /* DazaUITests.swift in Sources */ = {isa = PBXBuildFile; fileRef = F56D2B221D3121AC004A92DD /* DazaUITests.swift */; };
		F56DBA4F1D4D8EF300B54D7E /* ArticleCommentBarView.xib in Resources */ = {isa = PBXBuildFile; fileRef = F56DBA4E1D4D8EF300B54D7E /* ArticleCommentBarView.xib */; };
		F56DBA511D4D8F0000B54D7E /* ArticleCommentBarView.swift in Sources */ = {isa = PBXBuildFile; fileRef = F56DBA501D4D8F0000B54D7E /* ArticleCommentBarView.swift */; };
		F56DBA531D4E065C00B54D7E /* ArticleCommentCreateController.swift in Sources */ = {isa = PBXBuildFile; fileRef = F56DBA521D4E065C00B54D7E /* ArticleCommentCreateController.swift */; };
		F5715BC51D353F0000F1CBE5 /* AccountApi.swift in Sources */ = {isa = PBXBuildFile; fileRef = F5715BBB1D353F0000F1CBE5 /* AccountApi.swift */; };
		F5715BC61D353F0000F1CBE5 /* Api.swift in Sources */ = {isa = PBXBuildFile; fileRef = F5715BBC1D353F0000F1CBE5 /* Api.swift */; };
		F5715BC71D353F0000F1CBE5 /* ArticlesApi.swift in Sources */ = {isa = PBXBuildFile; fileRef = F5715BBD1D353F0000F1CBE5 /* ArticlesApi.swift */; };
		F5715BC81D353F0000F1CBE5 /* AssetsApi.swift in Sources */ = {isa = PBXBuildFile; fileRef = F5715BBE1D353F0000F1CBE5 /* AssetsApi.swift */; };
		F5715BCA1D353F0000F1CBE5 /* NotificationsApi.swift in Sources */ = {isa = PBXBuildFile; fileRef = F5715BC01D353F0000F1CBE5 /* NotificationsApi.swift */; };
		F5715BCB1D353F0000F1CBE5 /* TagsApi.swift in Sources */ = {isa = PBXBuildFile; fileRef = F5715BC11D353F0000F1CBE5 /* TagsApi.swift */; };
		F5715BCC1D353F0000F1CBE5 /* TopicsApi.swift in Sources */ = {isa = PBXBuildFile; fileRef = F5715BC21D353F0000F1CBE5 /* TopicsApi.swift */; };
		F5715BCE1D353F0000F1CBE5 /* UsersApi.swift in Sources */ = {isa = PBXBuildFile; fileRef = F5715BC41D353F0000F1CBE5 /* UsersApi.swift */; };
		F58C21DC1DB7A2E300193336 /* Thumbnail.swift in Sources */ = {isa = PBXBuildFile; fileRef = F58C21DB1DB7A2E300193336 /* Thumbnail.swift */; };
		F5985C051D66AC9C0033CE65 /* AccessToken.swift in Sources */ = {isa = PBXBuildFile; fileRef = F5985C041D66AC9C0033CE65 /* AccessToken.swift */; };
		F5985C071D66AD030033CE65 /* ArticleTag.swift in Sources */ = {isa = PBXBuildFile; fileRef = F5985C061D66AD030033CE65 /* ArticleTag.swift */; };
		F5A2B5801D3B82810031AF83 /* ErrorHandler.swift in Sources */ = {isa = PBXBuildFile; fileRef = F5A2B57F1D3B82810031AF83 /* ErrorHandler.swift */; };
		F5A2B5821D3CEC690031AF83 /* UIColorExtension.swift in Sources */ = {isa = PBXBuildFile; fileRef = F5A2B5811D3CEC690031AF83 /* UIColorExtension.swift */; };
		F5A6AFE01D46515000B89E7A /* Error.swift in Sources */ = {isa = PBXBuildFile; fileRef = F5A6AFDF1D46515000B89E7A /* Error.swift */; };
		F5B5D5E91D3F2B16009EE5AD /* UIApplicationExtension.swift in Sources */ = {isa = PBXBuildFile; fileRef = F5B5D5E81D3F2B16009EE5AD /* UIApplicationExtension.swift */; };
		F5B5D5EB1D3F4B97009EE5AD /* AccountController.swift in Sources */ = {isa = PBXBuildFile; fileRef = F5B5D5EA1D3F4B97009EE5AD /* AccountController.swift */; };
		F5B5D5ED1D3F53AE009EE5AD /* ModifyProfileController.swift in Sources */ = {isa = PBXBuildFile; fileRef = F5B5D5EC1D3F53AE009EE5AD /* ModifyProfileController.swift */; };
		F5D41DC91D38DDF00055195C /* TopicItemCell.swift in Sources */ = {isa = PBXBuildFile; fileRef = F5D41DC81D38DDF00055195C /* TopicItemCell.swift */; };
		F5D41DCB1D38E1430055195C /* TopicItemCell.xib in Resources */ = {isa = PBXBuildFile; fileRef = F5D41DCA1D38E1430055195C /* TopicItemCell.xib */; };
		F5D41DCD1D38E2370055195C /* ArticleItemCell.xib in Resources */ = {isa = PBXBuildFile; fileRef = F5D41DCC1D38E2370055195C /* ArticleItemCell.xib */; };
		F5D41DD11D38E25A0055195C /* ArticleItemCell.swift in Sources */ = {isa = PBXBuildFile; fileRef = F5D41DD01D38E25A0055195C /* ArticleItemCell.swift */; };
		F5D41DD51D3B2BCC0055195C /* NotificationsController.swift in Sources */ = {isa = PBXBuildFile; fileRef = F5D41DD41D3B2BCC0055195C /* NotificationsController.swift */; };
		F5D41DD71D3B2DDB0055195C /* Auth.swift in Sources */ = {isa = PBXBuildFile; fileRef = F5D41DD61D3B2DDB0055195C /* Auth.swift */; };
		F5D41DD91D3B3C860055195C /* TopicSubscriber.swift in Sources */ = {isa = PBXBuildFile; fileRef = F5D41DD81D3B3C860055195C /* TopicSubscriber.swift */; };
		F5D41DDB1D3B3CD50055195C /* ArticleViewer.swift in Sources */ = {isa = PBXBuildFile; fileRef = F5D41DDA1D3B3CD50055195C /* ArticleViewer.swift */; };
		F5F23E3B1D329FE200234104 /* Model.swift in Sources */ = {isa = PBXBuildFile; fileRef = F5F23E3A1D329FE200234104 /* Model.swift */; };
		F5F23E3D1D32A55B00234104 /* RegisterController.swift in Sources */ = {isa = PBXBuildFile; fileRef = F5F23E3C1D32A55B00234104 /* RegisterController.swift */; };
		F5F23E3F1D32A59800234104 /* HomeController.swift in Sources */ = {isa = PBXBuildFile; fileRef = F5F23E3E1D32A59800234104 /* HomeController.swift */; };
		F5F23E411D32A5EA00234104 /* SettingsController.swift in Sources */ = {isa = PBXBuildFile; fileRef = F5F23E401D32A5EA00234104 /* SettingsController.swift */; };
		F5F23E431D32A5FB00234104 /* TopicDetailController.swift in Sources */ = {isa = PBXBuildFile; fileRef = F5F23E421D32A5FB00234104 /* TopicDetailController.swift */; };
		F5F23E541D32ABFB00234104 /* Localizable.strings in Resources */ = {isa = PBXBuildFile; fileRef = F5F23E561D32ABFB00234104 /* Localizable.strings */; };
		F5F29B541D360CFE00071F04 /* Pagination.swift in Sources */ = {isa = PBXBuildFile; fileRef = F5F29B531D360CFE00071F04 /* Pagination.swift */; };
		F5F29B561D360D6400071F04 /* ResultOfObject.swift in Sources */ = {isa = PBXBuildFile; fileRef = F5F29B551D360D6400071F04 /* ResultOfObject.swift */; };
		F5F29B581D360D7100071F04 /* ResultOfArray.swift in Sources */ = {isa = PBXBuildFile; fileRef = F5F29B571D360D7100071F04 /* ResultOfArray.swift */; };
		F5F29B5A1D36A1A700071F04 /* BaseViewController.swift in Sources */ = {isa = PBXBuildFile; fileRef = F5F29B591D36A1A700071F04 /* BaseViewController.swift */; };
		F5F29B5C1D36A33B00071F04 /* AboutController.swift in Sources */ = {isa = PBXBuildFile; fileRef = F5F29B5B1D36A33B00071F04 /* AboutController.swift */; };
		F5FC7D8A1D41F96000C6CB17 /* UserRelationship.swift in Sources */ = {isa = PBXBuildFile; fileRef = F5FC7D891D41F96000C6CB17 /* UserRelationship.swift */; };
		F5FC7D8C1D427A9C00C6CB17 /* ResetPasswordController.swift in Sources */ = {isa = PBXBuildFile; fileRef = F5FC7D8B1D427A9C00C6CB17 /* ResetPasswordController.swift */; };
		F5FC7D8E1D427AD500C6CB17 /* ModifyPasswordController.swift in Sources */ = {isa = PBXBuildFile; fileRef = F5FC7D8D1D427AD500C6CB17 /* ModifyPasswordController.swift */; };
		F5FC7D901D431C7600C6CB17 /* BuildConfig.swift in Sources */ = {isa = PBXBuildFile; fileRef = F5FC7D8F1D431C7600C6CB17 /* BuildConfig.swift */; };
		F5FC7D941D431E9400C6CB17 /* DefaultErrorHandler.swift in Sources */ = {isa = PBXBuildFile; fileRef = F5FC7D931D431E9400C6CB17 /* DefaultErrorHandler.swift */; };
		F5FC7D961D438D9D00C6CB17 /* CategoriesApi.swift in Sources */ = {isa = PBXBuildFile; fileRef = F5FC7D951D438D9D00C6CB17 /* CategoriesApi.swift */; };
/* End PBXBuildFile section */

/* Begin PBXContainerItemProxy section */
		F56D2B141D3121AC004A92DD /* PBXContainerItemProxy */ = {
			isa = PBXContainerItemProxy;
			containerPortal = F56D2AF51D3121AB004A92DD /* Project object */;
			proxyType = 1;
			remoteGlobalIDString = F56D2AFC1D3121AC004A92DD;
			remoteInfo = Daza;
		};
		F56D2B1F1D3121AC004A92DD /* PBXContainerItemProxy */ = {
			isa = PBXContainerItemProxy;
			containerPortal = F56D2AF51D3121AB004A92DD /* Project object */;
			proxyType = 1;
			remoteGlobalIDString = F56D2AFC1D3121AC004A92DD;
			remoteInfo = Daza;
		};
/* End PBXContainerItemProxy section */

/* Begin PBXFileReference section */
		567A82E691D0DB693735A9DB /* Pods-DazaUITests.debug.xcconfig */ = {isa = PBXFileReference; includeInIndex = 1; lastKnownFileType = text.xcconfig; name = "Pods-DazaUITests.debug.xcconfig"; path = "Pods/Target Support Files/Pods-DazaUITests/Pods-DazaUITests.debug.xcconfig"; sourceTree = "<group>"; };
		56F87294E8F607D52133F939 /* Pods-DazaTests.release.xcconfig */ = {isa = PBXFileReference; includeInIndex = 1; lastKnownFileType = text.xcconfig; name = "Pods-DazaTests.release.xcconfig"; path = "Pods/Target Support Files/Pods-DazaTests/Pods-DazaTests.release.xcconfig"; sourceTree = "<group>"; };
		5F6D34763D9344032CC65175 /* Pods-DazaTests.debug.xcconfig */ = {isa = PBXFileReference; includeInIndex = 1; lastKnownFileType = text.xcconfig; name = "Pods-DazaTests.debug.xcconfig"; path = "Pods/Target Support Files/Pods-DazaTests/Pods-DazaTests.debug.xcconfig"; sourceTree = "<group>"; };
		77DCAD0F35B9AC7D13EB644C /* Pods-Daza.debug.xcconfig */ = {isa = PBXFileReference; includeInIndex = 1; lastKnownFileType = text.xcconfig; name = "Pods-Daza.debug.xcconfig"; path = "Pods/Target Support Files/Pods-Daza/Pods-Daza.debug.xcconfig"; sourceTree = "<group>"; };
		87A9E29C83BFF3795EE8716E /* LoginController.swift */ = {isa = PBXFileReference; fileEncoding = 4; lastKnownFileType = sourcecode.swift; path = LoginController.swift; sourceTree = "<group>"; };
		87A9E55993BF199D4903D243 /* ArticleComment.swift */ = {isa = PBXFileReference; fileEncoding = 4; lastKnownFileType = sourcecode.swift; path = ArticleComment.swift; sourceTree = "<group>"; };
		87A9E604BB94E87DB92A27CE /* Topic.swift */ = {isa = PBXFileReference; fileEncoding = 4; lastKnownFileType = sourcecode.swift; path = Topic.swift; sourceTree = "<group>"; };
		87A9E6FBE730848C0539CFAB /* User.swift */ = {isa = PBXFileReference; fileEncoding = 4; lastKnownFileType = sourcecode.swift; path = User.swift; sourceTree = "<group>"; };
		87A9E72A1D10D0CC1228D179 /* Article.swift */ = {isa = PBXFileReference; fileEncoding = 4; lastKnownFileType = sourcecode.swift; path = Article.swift; sourceTree = "<group>"; };
		87A9E7EBD782B2C9B9416FA7 /* ArticleLike.swift */ = {isa = PBXFileReference; fileEncoding = 4; lastKnownFileType = sourcecode.swift; path = ArticleLike.swift; sourceTree = "<group>"; };
		87A9EAD8B7E0DF77E26EDF64 /* .gitkeep */ = {isa = PBXFileReference; lastKnownFileType = file.gitkeep; path = .gitkeep; sourceTree = "<group>"; };
		87A9EC9EACEF7EA84A069AEE /* Asset.swift */ = {isa = PBXFileReference; fileEncoding = 4; lastKnownFileType = sourcecode.swift; path = Asset.swift; sourceTree = "<group>"; };
		87A9EE2C991C5D4C6847BA5E /* Tag.swift */ = {isa = PBXFileReference; fileEncoding = 4; lastKnownFileType = sourcecode.swift; path = Tag.swift; sourceTree = "<group>"; };
		87A9EF44F702E9045B64697D /* Notification.swift */ = {isa = PBXFileReference; fileEncoding = 4; lastKnownFileType = sourcecode.swift; path = Notification.swift; sourceTree = "<group>"; };
		8C4D813867A740C3F0DC5296 /* Pods_DazaTests.framework */ = {isa = PBXFileReference; explicitFileType = wrapper.framework; includeInIndex = 0; path = Pods_DazaTests.framework; sourceTree = BUILT_PRODUCTS_DIR; };
		AC039F93BC51F3874BC22538 /* Pods_DazaUITests.framework */ = {isa = PBXFileReference; explicitFileType = wrapper.framework; includeInIndex = 0; path = Pods_DazaUITests.framework; sourceTree = BUILT_PRODUCTS_DIR; };
		B7F162B90DA60CD6533A6022 /* Pods-Daza.release.xcconfig */ = {isa = PBXFileReference; includeInIndex = 1; lastKnownFileType = text.xcconfig; name = "Pods-Daza.release.xcconfig"; path = "Pods/Target Support Files/Pods-Daza/Pods-Daza.release.xcconfig"; sourceTree = "<group>"; };
		E8FE8D8F603C29202F719D14 /* Pods_Daza.framework */ = {isa = PBXFileReference; explicitFileType = wrapper.framework; includeInIndex = 0; path = Pods_Daza.framework; sourceTree = BUILT_PRODUCTS_DIR; };
		F50DA7A41D446E950040995B /* DefaultListErrorHandler.swift */ = {isa = PBXFileReference; fileEncoding = 4; lastKnownFileType = sourcecode.swift; path = DefaultListErrorHandler.swift; sourceTree = "<group>"; };
		F514AE811D40DF3A00A68590 /* FollowingItemCell.swift */ = {isa = PBXFileReference; fileEncoding = 4; lastKnownFileType = sourcecode.swift; path = FollowingItemCell.swift; sourceTree = "<group>"; };
		F514AE831D40DF4900A68590 /* FollowingItemCell.xib */ = {isa = PBXFileReference; fileEncoding = 4; lastKnownFileType = file.xib; path = FollowingItemCell.xib; sourceTree = "<group>"; };
		F514AE851D40DFE800A68590 /* FollowersItemCell.xib */ = {isa = PBXFileReference; fileEncoding = 4; lastKnownFileType = file.xib; path = FollowersItemCell.xib; sourceTree = "<group>"; };
		F514AE871D40DFF300A68590 /* FollowersItemCell.swift */ = {isa = PBXFileReference; fileEncoding = 4; lastKnownFileType = sourcecode.swift; path = FollowersItemCell.swift; sourceTree = "<group>"; };
		F514AE891D4104ED00A68590 /* NotificationSettingsController.swift */ = {isa = PBXFileReference; fileEncoding = 4; lastKnownFileType = sourcecode.swift; path = NotificationSettingsController.swift; sourceTree = "<group>"; };
		F514AE8E1D410D5E00A68590 /* HomeIndexController.swift */ = {isa = PBXFileReference; fileEncoding = 4; lastKnownFileType = sourcecode.swift; path = HomeIndexController.swift; sourceTree = "<group>"; };
		F514AE901D410D7200A68590 /* BaseButtonBarPagerTabStripViewController.swift */ = {isa = PBXFileReference; fileEncoding = 4; lastKnownFileType = sourcecode.swift; path = BaseButtonBarPagerTabStripViewController.swift; sourceTree = "<group>"; };
		F514AE921D41329F00A68590 /* ArticleNoImageItemCell.xib */ = {isa = PBXFileReference; fileEncoding = 4; lastKnownFileType = file.xib; path = ArticleNoImageItemCell.xib; sourceTree = "<group>"; };
		F51918231D33621F0012897F /* BaseTableViewController.swift */ = {isa = PBXFileReference; fileEncoding = 4; lastKnownFileType = sourcecode.swift; path = BaseTableViewController.swift; sourceTree = "<group>"; };
		F51918251D33629A0012897F /* BaseListController.swift */ = {isa = PBXFileReference; fileEncoding = 4; lastKnownFileType = sourcecode.swift; path = BaseListController.swift; sourceTree = "<group>"; };
		F51918271D3363890012897F /* HomeMineController.swift */ = {isa = PBXFileReference; fileEncoding = 4; lastKnownFileType = sourcecode.swift; path = HomeMineController.swift; sourceTree = "<group>"; };
		F519182C1D3364F80012897F /* UIViewControllerExtension.swift */ = {isa = PBXFileReference; fileEncoding = 4; lastKnownFileType = sourcecode.swift; path = UIViewControllerExtension.swift; sourceTree = "<group>"; };
		F519182E1D33668D0012897F /* BaseNavigationController.swift */ = {isa = PBXFileReference; fileEncoding = 4; lastKnownFileType = sourcecode.swift; path = BaseNavigationController.swift; sourceTree = "<group>"; };
		F51918301D33677B0012897F /* HomeExploreController.swift */ = {isa = PBXFileReference; fileEncoding = 4; lastKnownFileType = sourcecode.swift; path = HomeExploreController.swift; sourceTree = "<group>"; };
		F51918311D33677B0012897F /* ArticlesController.swift */ = {isa = PBXFileReference; fileEncoding = 4; lastKnownFileType = sourcecode.swift; path = ArticlesController.swift; sourceTree = "<group>"; };
		F51918341D337C0A0012897F /* ArticleCommentsController.swift */ = {isa = PBXFileReference; fileEncoding = 4; lastKnownFileType = sourcecode.swift; path = ArticleCommentsController.swift; sourceTree = "<group>"; };
		F51918351D337C0B0012897F /* ArticleDetailController.swift */ = {isa = PBXFileReference; fileEncoding = 4; lastKnownFileType = sourcecode.swift; path = ArticleDetailController.swift; sourceTree = "<group>"; };
		F51918361D337C0B0012897F /* ArticleLikesController.swift */ = {isa = PBXFileReference; fileEncoding = 4; lastKnownFileType = sourcecode.swift; path = ArticleLikesController.swift; sourceTree = "<group>"; };
		F51918371D337C0B0012897F /* TopicCreateController.swift */ = {isa = PBXFileReference; fileEncoding = 4; lastKnownFileType = sourcecode.swift; path = TopicCreateController.swift; sourceTree = "<group>"; };
		F51918401D33E48C0012897F /* SearchController.swift */ = {isa = PBXFileReference; fileEncoding = 4; lastKnownFileType = sourcecode.swift; path = SearchController.swift; sourceTree = "<group>"; };
		F51918421D33E8150012897F /* UserDetailController.swift */ = {isa = PBXFileReference; fileEncoding = 4; lastKnownFileType = sourcecode.swift; path = UserDetailController.swift; sourceTree = "<group>"; };
		F51918441D33EA070012897F /* BaseGroupedListController.swift */ = {isa = PBXFileReference; fileEncoding = 4; lastKnownFileType = sourcecode.swift; path = BaseGroupedListController.swift; sourceTree = "<group>"; };
		F519184B1D34BB310012897F /* InAppBrowserController.swift */ = {isa = PBXFileReference; fileEncoding = 4; lastKnownFileType = sourcecode.swift; path = InAppBrowserController.swift; sourceTree = "<group>"; };
		F519184D1D34DA310012897F /* NSObjectExtension.swift */ = {isa = PBXFileReference; fileEncoding = 4; lastKnownFileType = sourcecode.swift; path = NSObjectExtension.swift; sourceTree = "<group>"; };
		F51D307C1D471ED700B3416F /* BaseWebViewController.swift */ = {isa = PBXFileReference; fileEncoding = 4; lastKnownFileType = sourcecode.swift; path = BaseWebViewController.swift; sourceTree = "<group>"; };
		F51D307E1D477F7400B3416F /* OwnArticlesController.swift */ = {isa = PBXFileReference; fileEncoding = 4; lastKnownFileType = sourcecode.swift; path = OwnArticlesController.swift; sourceTree = "<group>"; };
		F51D30801D477F8200B3416F /* OwnTopicsController.swift */ = {isa = PBXFileReference; fileEncoding = 4; lastKnownFileType = sourcecode.swift; path = OwnTopicsController.swift; sourceTree = "<group>"; };
		F51D30821D47800700B3416F /* OwnFavoritesController.swift */ = {isa = PBXFileReference; fileEncoding = 4; lastKnownFileType = sourcecode.swift; path = OwnFavoritesController.swift; sourceTree = "<group>"; };
		F52C55231D3E710100819C6D /* UIViewExtension.swift */ = {isa = PBXFileReference; fileEncoding = 4; lastKnownFileType = sourcecode.swift; path = UIViewExtension.swift; sourceTree = "<group>"; };
		F5338A191D35490B00B3D44F /* URLs.swift */ = {isa = PBXFileReference; fileEncoding = 4; lastKnownFileType = sourcecode.swift; path = URLs.swift; sourceTree = "<group>"; };
		F5338A1B1D354A3500B3D44F /* Result.swift */ = {isa = PBXFileReference; fileEncoding = 4; lastKnownFileType = sourcecode.swift; path = Result.swift; sourceTree = "<group>"; };
		F5342BA81DB25B3C009A5D25 /* UserConfig.swift */ = {isa = PBXFileReference; fileEncoding = 4; lastKnownFileType = sourcecode.swift; path = UserConfig.swift; sourceTree = "<group>"; };
		F5342BAA1DB25E27009A5D25 /* ArticleVote.swift */ = {isa = PBXFileReference; fileEncoding = 4; lastKnownFileType = sourcecode.swift; path = ArticleVote.swift; sourceTree = "<group>"; };
		F5342BAD1DB3B637009A5D25 /* TopicDetailHeaderView.swift */ = {isa = PBXFileReference; fileEncoding = 4; lastKnownFileType = sourcecode.swift; path = TopicDetailHeaderView.swift; sourceTree = "<group>"; };
		F5342BAE1DB3B637009A5D25 /* TopicDetailHeaderView.xib */ = {isa = PBXFileReference; fileEncoding = 4; lastKnownFileType = file.xib; path = TopicDetailHeaderView.xib; sourceTree = "<group>"; };
		F5342BB11DB3BC18009A5D25 /* ArticleCommentItemCell.swift */ = {isa = PBXFileReference; fileEncoding = 4; lastKnownFileType = sourcecode.swift; path = ArticleCommentItemCell.swift; sourceTree = "<group>"; };
		F5342BB31DB3BC2B009A5D25 /* ArticleCommentItemCell.xib */ = {isa = PBXFileReference; fileEncoding = 4; lastKnownFileType = file.xib; path = ArticleCommentItemCell.xib; sourceTree = "<group>"; };
		F5342F0D1D3FB0E10076BBF8 /* FollowersController.swift */ = {isa = PBXFileReference; fileEncoding = 4; lastKnownFileType = sourcecode.swift; path = FollowersController.swift; sourceTree = "<group>"; };
		F5342F0F1D3FB0F50076BBF8 /* FollowingController.swift */ = {isa = PBXFileReference; fileEncoding = 4; lastKnownFileType = sourcecode.swift; path = FollowingController.swift; sourceTree = "<group>"; };
		F5342F1A1D4083D60076BBF8 /* Category.swift */ = {isa = PBXFileReference; fileEncoding = 4; lastKnownFileType = sourcecode.swift; path = Category.swift; sourceTree = "<group>"; };
		F53DCFD01D3D1C65000180E4 /* ArticleBigImageItemCell.xib */ = {isa = PBXFileReference; fileEncoding = 4; lastKnownFileType = file.xib; path = ArticleBigImageItemCell.xib; sourceTree = "<group>"; };
		F553D5111DBA5B61007FB06F /* NotificationItemCell.swift */ = {isa = PBXFileReference; fileEncoding = 4; lastKnownFileType = sourcecode.swift; path = NotificationItemCell.swift; sourceTree = "<group>"; };
		F553D5131DBA5B79007FB06F /* NotificationItemCell.xib */ = {isa = PBXFileReference; fileEncoding = 4; lastKnownFileType = file.xib; path = NotificationItemCell.xib; sourceTree = "<group>"; };
		F56D2AFD1D3121AC004A92DD /* Daza.app */ = {isa = PBXFileReference; explicitFileType = wrapper.application; includeInIndex = 0; path = Daza.app; sourceTree = BUILT_PRODUCTS_DIR; };
		F56D2B001D3121AC004A92DD /* AppDelegate.swift */ = {isa = PBXFileReference; lastKnownFileType = sourcecode.swift; path = AppDelegate.swift; sourceTree = "<group>"; };
		F56D2B071D3121AC004A92DD /* Base */ = {isa = PBXFileReference; lastKnownFileType = file.storyboard; name = Base; path = Base.lproj/Main.storyboard; sourceTree = "<group>"; };
		F56D2B091D3121AC004A92DD /* Assets.xcassets */ = {isa = PBXFileReference; lastKnownFileType = folder.assetcatalog; path = Assets.xcassets; sourceTree = "<group>"; };
		F56D2B0C1D3121AC004A92DD /* Base */ = {isa = PBXFileReference; lastKnownFileType = file.storyboard; name = Base; path = Base.lproj/LaunchScreen.storyboard; sourceTree = "<group>"; };
		F56D2B0E1D3121AC004A92DD /* Info.plist */ = {isa = PBXFileReference; lastKnownFileType = text.plist.xml; path = Info.plist; sourceTree = "<group>"; };
		F56D2B131D3121AC004A92DD /* DazaTests.xctest */ = {isa = PBXFileReference; explicitFileType = wrapper.cfbundle; includeInIndex = 0; path = DazaTests.xctest; sourceTree = BUILT_PRODUCTS_DIR; };
		F56D2B171D3121AC004A92DD /* DazaTests.swift */ = {isa = PBXFileReference; lastKnownFileType = sourcecode.swift; path = DazaTests.swift; sourceTree = "<group>"; };
		F56D2B191D3121AC004A92DD /* Info.plist */ = {isa = PBXFileReference; lastKnownFileType = text.plist.xml; path = Info.plist; sourceTree = "<group>"; };
		F56D2B1E1D3121AC004A92DD /* DazaUITests.xctest */ = {isa = PBXFileReference; explicitFileType = wrapper.cfbundle; includeInIndex = 0; path = DazaUITests.xctest; sourceTree = BUILT_PRODUCTS_DIR; };
		F56D2B221D3121AC004A92DD /* DazaUITests.swift */ = {isa = PBXFileReference; lastKnownFileType = sourcecode.swift; path = DazaUITests.swift; sourceTree = "<group>"; };
		F56D2B241D3121AC004A92DD /* Info.plist */ = {isa = PBXFileReference; lastKnownFileType = text.plist.xml; path = Info.plist; sourceTree = "<group>"; };
		F56DBA4E1D4D8EF300B54D7E /* ArticleCommentBarView.xib */ = {isa = PBXFileReference; fileEncoding = 4; lastKnownFileType = file.xib; path = ArticleCommentBarView.xib; sourceTree = "<group>"; };
		F56DBA501D4D8F0000B54D7E /* ArticleCommentBarView.swift */ = {isa = PBXFileReference; fileEncoding = 4; lastKnownFileType = sourcecode.swift; path = ArticleCommentBarView.swift; sourceTree = "<group>"; };
		F56DBA521D4E065C00B54D7E /* ArticleCommentCreateController.swift */ = {isa = PBXFileReference; fileEncoding = 4; lastKnownFileType = sourcecode.swift; path = ArticleCommentCreateController.swift; sourceTree = "<group>"; };
		F5715BBB1D353F0000F1CBE5 /* AccountApi.swift */ = {isa = PBXFileReference; fileEncoding = 4; lastKnownFileType = sourcecode.swift; path = AccountApi.swift; sourceTree = "<group>"; };
		F5715BBC1D353F0000F1CBE5 /* Api.swift */ = {isa = PBXFileReference; fileEncoding = 4; lastKnownFileType = sourcecode.swift; path = Api.swift; sourceTree = "<group>"; };
		F5715BBD1D353F0000F1CBE5 /* ArticlesApi.swift */ = {isa = PBXFileReference; fileEncoding = 4; lastKnownFileType = sourcecode.swift; path = ArticlesApi.swift; sourceTree = "<group>"; };
		F5715BBE1D353F0000F1CBE5 /* AssetsApi.swift */ = {isa = PBXFileReference; fileEncoding = 4; lastKnownFileType = sourcecode.swift; path = AssetsApi.swift; sourceTree = "<group>"; };
		F5715BC01D353F0000F1CBE5 /* NotificationsApi.swift */ = {isa = PBXFileReference; fileEncoding = 4; lastKnownFileType = sourcecode.swift; path = NotificationsApi.swift; sourceTree = "<group>"; };
		F5715BC11D353F0000F1CBE5 /* TagsApi.swift */ = {isa = PBXFileReference; fileEncoding = 4; lastKnownFileType = sourcecode.swift; path = TagsApi.swift; sourceTree = "<group>"; };
		F5715BC21D353F0000F1CBE5 /* TopicsApi.swift */ = {isa = PBXFileReference; fileEncoding = 4; lastKnownFileType = sourcecode.swift; path = TopicsApi.swift; sourceTree = "<group>"; };
		F5715BC41D353F0000F1CBE5 /* UsersApi.swift */ = {isa = PBXFileReference; fileEncoding = 4; lastKnownFileType = sourcecode.swift; path = UsersApi.swift; sourceTree = "<group>"; };
		F58C21DB1DB7A2E300193336 /* Thumbnail.swift */ = {isa = PBXFileReference; fileEncoding = 4; lastKnownFileType = sourcecode.swift; path = Thumbnail.swift; sourceTree = "<group>"; };
		F5985C041D66AC9C0033CE65 /* AccessToken.swift */ = {isa = PBXFileReference; fileEncoding = 4; lastKnownFileType = sourcecode.swift; path = AccessToken.swift; sourceTree = "<group>"; };
		F5985C061D66AD030033CE65 /* ArticleTag.swift */ = {isa = PBXFileReference; fileEncoding = 4; lastKnownFileType = sourcecode.swift; path = ArticleTag.swift; sourceTree = "<group>"; };
		F5A2B57F1D3B82810031AF83 /* ErrorHandler.swift */ = {isa = PBXFileReference; fileEncoding = 4; lastKnownFileType = sourcecode.swift; path = ErrorHandler.swift; sourceTree = "<group>"; };
		F5A2B5811D3CEC690031AF83 /* UIColorExtension.swift */ = {isa = PBXFileReference; fileEncoding = 4; lastKnownFileType = sourcecode.swift; path = UIColorExtension.swift; sourceTree = "<group>"; };
		F5A6AFDF1D46515000B89E7A /* Error.swift */ = {isa = PBXFileReference; fileEncoding = 4; lastKnownFileType = sourcecode.swift; path = Error.swift; sourceTree = "<group>"; };
		F5B5D5E81D3F2B16009EE5AD /* UIApplicationExtension.swift */ = {isa = PBXFileReference; fileEncoding = 4; lastKnownFileType = sourcecode.swift; path = UIApplicationExtension.swift; sourceTree = "<group>"; };
		F5B5D5EA1D3F4B97009EE5AD /* AccountController.swift */ = {isa = PBXFileReference; fileEncoding = 4; lastKnownFileType = sourcecode.swift; path = AccountController.swift; sourceTree = "<group>"; };
		F5B5D5EC1D3F53AE009EE5AD /* ModifyProfileController.swift */ = {isa = PBXFileReference; fileEncoding = 4; lastKnownFileType = sourcecode.swift; path = ModifyProfileController.swift; sourceTree = "<group>"; };
		F5D41DC81D38DDF00055195C /* TopicItemCell.swift */ = {isa = PBXFileReference; fileEncoding = 4; lastKnownFileType = sourcecode.swift; path = TopicItemCell.swift; sourceTree = "<group>"; };
		F5D41DCA1D38E1430055195C /* TopicItemCell.xib */ = {isa = PBXFileReference; fileEncoding = 4; lastKnownFileType = file.xib; path = TopicItemCell.xib; sourceTree = "<group>"; };
		F5D41DCC1D38E2370055195C /* ArticleItemCell.xib */ = {isa = PBXFileReference; fileEncoding = 4; lastKnownFileType = file.xib; path = ArticleItemCell.xib; sourceTree = "<group>"; };
		F5D41DD01D38E25A0055195C /* ArticleItemCell.swift */ = {isa = PBXFileReference; fileEncoding = 4; lastKnownFileType = sourcecode.swift; path = ArticleItemCell.swift; sourceTree = "<group>"; };
		F5D41DD41D3B2BCC0055195C /* NotificationsController.swift */ = {isa = PBXFileReference; fileEncoding = 4; lastKnownFileType = sourcecode.swift; path = NotificationsController.swift; sourceTree = "<group>"; };
		F5D41DD61D3B2DDB0055195C /* Auth.swift */ = {isa = PBXFileReference; fileEncoding = 4; lastKnownFileType = sourcecode.swift; path = Auth.swift; sourceTree = "<group>"; };
		F5D41DD81D3B3C860055195C /* TopicSubscriber.swift */ = {isa = PBXFileReference; fileEncoding = 4; lastKnownFileType = sourcecode.swift; path = TopicSubscriber.swift; sourceTree = "<group>"; };
		F5D41DDA1D3B3CD50055195C /* ArticleViewer.swift */ = {isa = PBXFileReference; fileEncoding = 4; lastKnownFileType = sourcecode.swift; path = ArticleViewer.swift; sourceTree = "<group>"; };
		F5F23E361D32904800234104 /* Daza-Bridging-Header.h */ = {isa = PBXFileReference; lastKnownFileType = sourcecode.c.h; path = "Daza-Bridging-Header.h"; sourceTree = "<group>"; };
		F5F23E3A1D329FE200234104 /* Model.swift */ = {isa = PBXFileReference; fileEncoding = 4; lastKnownFileType = sourcecode.swift; path = Model.swift; sourceTree = "<group>"; };
		F5F23E3C1D32A55B00234104 /* RegisterController.swift */ = {isa = PBXFileReference; fileEncoding = 4; lastKnownFileType = sourcecode.swift; path = RegisterController.swift; sourceTree = "<group>"; };
		F5F23E3E1D32A59800234104 /* HomeController.swift */ = {isa = PBXFileReference; fileEncoding = 4; lastKnownFileType = sourcecode.swift; path = HomeController.swift; sourceTree = "<group>"; };
		F5F23E401D32A5EA00234104 /* SettingsController.swift */ = {isa = PBXFileReference; fileEncoding = 4; lastKnownFileType = sourcecode.swift; path = SettingsController.swift; sourceTree = "<group>"; };
		F5F23E421D32A5FB00234104 /* TopicDetailController.swift */ = {isa = PBXFileReference; fileEncoding = 4; lastKnownFileType = sourcecode.swift; path = TopicDetailController.swift; sourceTree = "<group>"; };
		F5F23E551D32ABFB00234104 /* en */ = {isa = PBXFileReference; lastKnownFileType = text.plist.strings; name = en; path = en.lproj/Localizable.strings; sourceTree = "<group>"; };
		F5F23E571D32ACB300234104 /* zh-Hans */ = {isa = PBXFileReference; lastKnownFileType = text.plist.strings; name = "zh-Hans"; path = "zh-Hans.lproj/Localizable.strings"; sourceTree = "<group>"; };
		F5F29B531D360CFE00071F04 /* Pagination.swift */ = {isa = PBXFileReference; fileEncoding = 4; lastKnownFileType = sourcecode.swift; path = Pagination.swift; sourceTree = "<group>"; };
		F5F29B551D360D6400071F04 /* ResultOfObject.swift */ = {isa = PBXFileReference; fileEncoding = 4; lastKnownFileType = sourcecode.swift; path = ResultOfObject.swift; sourceTree = "<group>"; };
		F5F29B571D360D7100071F04 /* ResultOfArray.swift */ = {isa = PBXFileReference; fileEncoding = 4; lastKnownFileType = sourcecode.swift; path = ResultOfArray.swift; sourceTree = "<group>"; };
		F5F29B591D36A1A700071F04 /* BaseViewController.swift */ = {isa = PBXFileReference; fileEncoding = 4; lastKnownFileType = sourcecode.swift; path = BaseViewController.swift; sourceTree = "<group>"; };
		F5F29B5B1D36A33B00071F04 /* AboutController.swift */ = {isa = PBXFileReference; fileEncoding = 4; lastKnownFileType = sourcecode.swift; path = AboutController.swift; sourceTree = "<group>"; };
		F5FC7D891D41F96000C6CB17 /* UserRelationship.swift */ = {isa = PBXFileReference; fileEncoding = 4; lastKnownFileType = sourcecode.swift; path = UserRelationship.swift; sourceTree = "<group>"; };
		F5FC7D8B1D427A9C00C6CB17 /* ResetPasswordController.swift */ = {isa = PBXFileReference; fileEncoding = 4; lastKnownFileType = sourcecode.swift; path = ResetPasswordController.swift; sourceTree = "<group>"; };
		F5FC7D8D1D427AD500C6CB17 /* ModifyPasswordController.swift */ = {isa = PBXFileReference; fileEncoding = 4; lastKnownFileType = sourcecode.swift; path = ModifyPasswordController.swift; sourceTree = "<group>"; };
		F5FC7D8F1D431C7600C6CB17 /* BuildConfig.swift */ = {isa = PBXFileReference; fileEncoding = 4; lastKnownFileType = sourcecode.swift; path = BuildConfig.swift; sourceTree = "<group>"; };
		F5FC7D931D431E9400C6CB17 /* DefaultErrorHandler.swift */ = {isa = PBXFileReference; fileEncoding = 4; lastKnownFileType = sourcecode.swift; path = DefaultErrorHandler.swift; sourceTree = "<group>"; };
		F5FC7D951D438D9D00C6CB17 /* CategoriesApi.swift */ = {isa = PBXFileReference; fileEncoding = 4; lastKnownFileType = sourcecode.swift; path = CategoriesApi.swift; sourceTree = "<group>"; };
		FC6C9DB5D25909607728FCB2 /* Pods-DazaUITests.release.xcconfig */ = {isa = PBXFileReference; includeInIndex = 1; lastKnownFileType = text.xcconfig; name = "Pods-DazaUITests.release.xcconfig"; path = "Pods/Target Support Files/Pods-DazaUITests/Pods-DazaUITests.release.xcconfig"; sourceTree = "<group>"; };
/* End PBXFileReference section */

/* Begin PBXFrameworksBuildPhase section */
		F56D2AFA1D3121AC004A92DD /* Frameworks */ = {
			isa = PBXFrameworksBuildPhase;
			buildActionMask = 2147483647;
			files = (
				57F281865FD8154099281280 /* Pods_Daza.framework in Frameworks */,
			);
			runOnlyForDeploymentPostprocessing = 0;
		};
		F56D2B101D3121AC004A92DD /* Frameworks */ = {
			isa = PBXFrameworksBuildPhase;
			buildActionMask = 2147483647;
			files = (
				8A3736963DF62D544E5F34D9 /* Pods_DazaTests.framework in Frameworks */,
			);
			runOnlyForDeploymentPostprocessing = 0;
		};
		F56D2B1B1D3121AC004A92DD /* Frameworks */ = {
			isa = PBXFrameworksBuildPhase;
			buildActionMask = 2147483647;
			files = (
				34D61A55424D9306A1CE7AF4 /* Pods_DazaUITests.framework in Frameworks */,
			);
			runOnlyForDeploymentPostprocessing = 0;
		};
/* End PBXFrameworksBuildPhase section */

/* Begin PBXGroup section */
		87A9E8CC006EAD99528D2E58 /* Events */ = {
			isa = PBXGroup;
			children = (
				87A9EAD8B7E0DF77E26EDF64 /* .gitkeep */,
			);
			path = Events;
			sourceTree = "<group>";
		};
		87A9EB23B9EE744469DCA117 /* Controllers */ = {
			isa = PBXGroup;
			children = (
				F5F29B5B1D36A33B00071F04 /* AboutController.swift */,
				F5B5D5EA1D3F4B97009EE5AD /* AccountController.swift */,
				F56DBA521D4E065C00B54D7E /* ArticleCommentCreateController.swift */,
				F51918341D337C0A0012897F /* ArticleCommentsController.swift */,
				F51918351D337C0B0012897F /* ArticleDetailController.swift */,
				F51918361D337C0B0012897F /* ArticleLikesController.swift */,
				F51918311D33677B0012897F /* ArticlesController.swift */,
				F51918221D33621F0012897F /* Base */,
				F5342F0D1D3FB0E10076BBF8 /* FollowersController.swift */,
				F5342F0F1D3FB0F50076BBF8 /* FollowingController.swift */,
				F5F23E3E1D32A59800234104 /* HomeController.swift */,
				F51918301D33677B0012897F /* HomeExploreController.swift */,
				F514AE8E1D410D5E00A68590 /* HomeIndexController.swift */,
				F51918271D3363890012897F /* HomeMineController.swift */,
				F519184B1D34BB310012897F /* InAppBrowserController.swift */,
				87A9E29C83BFF3795EE8716E /* LoginController.swift */,
				F5FC7D8D1D427AD500C6CB17 /* ModifyPasswordController.swift */,
				F5B5D5EC1D3F53AE009EE5AD /* ModifyProfileController.swift */,
				F5D41DD41D3B2BCC0055195C /* NotificationsController.swift */,
				F514AE891D4104ED00A68590 /* NotificationSettingsController.swift */,
				F51D307E1D477F7400B3416F /* OwnArticlesController.swift */,
				F51D30821D47800700B3416F /* OwnFavoritesController.swift */,
				F51D30801D477F8200B3416F /* OwnTopicsController.swift */,
				F5F23E3C1D32A55B00234104 /* RegisterController.swift */,
				F5FC7D8B1D427A9C00C6CB17 /* ResetPasswordController.swift */,
				F51918401D33E48C0012897F /* SearchController.swift */,
				F5F23E401D32A5EA00234104 /* SettingsController.swift */,
				F51918371D337C0B0012897F /* TopicCreateController.swift */,
				F5F23E421D32A5FB00234104 /* TopicDetailController.swift */,
				F51918421D33E8150012897F /* UserDetailController.swift */,
			);
			path = Controllers;
			sourceTree = "<group>";
		};
		87A9EBA6A756C230C11874A5 /* Models */ = {
			isa = PBXGroup;
			children = (
				F5985C041D66AC9C0033CE65 /* AccessToken.swift */,
				87A9E72A1D10D0CC1228D179 /* Article.swift */,
				87A9E55993BF199D4903D243 /* ArticleComment.swift */,
				87A9E7EBD782B2C9B9416FA7 /* ArticleLike.swift */,
				F5985C061D66AD030033CE65 /* ArticleTag.swift */,
				F5D41DDA1D3B3CD50055195C /* ArticleViewer.swift */,
				F5342BAA1DB25E27009A5D25 /* ArticleVote.swift */,
				87A9EC9EACEF7EA84A069AEE /* Asset.swift */,
				F5342F1A1D4083D60076BBF8 /* Category.swift */,
				F5A6AFDF1D46515000B89E7A /* Error.swift */,
				F5F23E3A1D329FE200234104 /* Model.swift */,
				87A9EF44F702E9045B64697D /* Notification.swift */,
				F5F29B531D360CFE00071F04 /* Pagination.swift */,
				F5338A1B1D354A3500B3D44F /* Result.swift */,
				F5F29B571D360D7100071F04 /* ResultOfArray.swift */,
				F5F29B551D360D6400071F04 /* ResultOfObject.swift */,
				87A9EE2C991C5D4C6847BA5E /* Tag.swift */,
				87A9E604BB94E87DB92A27CE /* Topic.swift */,
				F5D41DD81D3B3C860055195C /* TopicSubscriber.swift */,
				87A9E6FBE730848C0539CFAB /* User.swift */,
				F5342BA81DB25B3C009A5D25 /* UserConfig.swift */,
				F5FC7D891D41F96000C6CB17 /* UserRelationship.swift */,
			);
			path = Models;
			sourceTree = "<group>";
		};
		87A9EDBED9750E641CD44FD6 /* Utils */ = {
			isa = PBXGroup;
			children = (
				F5D41DD61D3B2DDB0055195C /* Auth.swift */,
				F5FC7D8F1D431C7600C6CB17 /* BuildConfig.swift */,
				F58C21DB1DB7A2E300193336 /* Thumbnail.swift */,
			);
			path = Utils;
			sourceTree = "<group>";
		};
		CF87670CD61C918CC9793B80 /* Pods */ = {
			isa = PBXGroup;
			children = (
				77DCAD0F35B9AC7D13EB644C /* Pods-Daza.debug.xcconfig */,
				B7F162B90DA60CD6533A6022 /* Pods-Daza.release.xcconfig */,
				5F6D34763D9344032CC65175 /* Pods-DazaTests.debug.xcconfig */,
				56F87294E8F607D52133F939 /* Pods-DazaTests.release.xcconfig */,
				567A82E691D0DB693735A9DB /* Pods-DazaUITests.debug.xcconfig */,
				FC6C9DB5D25909607728FCB2 /* Pods-DazaUITests.release.xcconfig */,
			);
			name = Pods;
			sourceTree = "<group>";
		};
		DAF3D11576E59A30216886D3 /* Frameworks */ = {
			isa = PBXGroup;
			children = (
				E8FE8D8F603C29202F719D14 /* Pods_Daza.framework */,
				8C4D813867A740C3F0DC5296 /* Pods_DazaTests.framework */,
				AC039F93BC51F3874BC22538 /* Pods_DazaUITests.framework */,
			);
			name = Frameworks;
			sourceTree = "<group>";
		};
		F51918221D33621F0012897F /* Base */ = {
			isa = PBXGroup;
			children = (
				F514AE901D410D7200A68590 /* BaseButtonBarPagerTabStripViewController.swift */,
				F51918441D33EA070012897F /* BaseGroupedListController.swift */,
				F51918251D33629A0012897F /* BaseListController.swift */,
				F519182E1D33668D0012897F /* BaseNavigationController.swift */,
				F51918231D33621F0012897F /* BaseTableViewController.swift */,
				F5F29B591D36A1A700071F04 /* BaseViewController.swift */,
				F51D307C1D471ED700B3416F /* BaseWebViewController.swift */,
			);
			path = Base;
			sourceTree = "<group>";
		};
		F519182B1D3364F80012897F /* Extensions */ = {
			isa = PBXGroup;
			children = (
				F519184D1D34DA310012897F /* NSObjectExtension.swift */,
				F5A2B5811D3CEC690031AF83 /* UIColorExtension.swift */,
				F519182C1D3364F80012897F /* UIViewControllerExtension.swift */,
				F52C55231D3E710100819C6D /* UIViewExtension.swift */,
				F5B5D5E81D3F2B16009EE5AD /* UIApplicationExtension.swift */,
			);
			path = Extensions;
			sourceTree = "<group>";
		};
		F5342BAC1DB3B637009A5D25 /* TableViewHeaders */ = {
			isa = PBXGroup;
			children = (
				F5342BAD1DB3B637009A5D25 /* TopicDetailHeaderView.swift */,
				F5342BAE1DB3B637009A5D25 /* TopicDetailHeaderView.xib */,
			);
			path = TableViewHeaders;
			sourceTree = "<group>";
		};
		F56D2AF41D3121AB004A92DD = {
			isa = PBXGroup;
			children = (
				F56D2AFF1D3121AC004A92DD /* Daza */,
				F56D2B161D3121AC004A92DD /* DazaTests */,
				F56D2B211D3121AC004A92DD /* DazaUITests */,
				F56D2AFE1D3121AC004A92DD /* Products */,
				CF87670CD61C918CC9793B80 /* Pods */,
				DAF3D11576E59A30216886D3 /* Frameworks */,
			);
			sourceTree = "<group>";
		};
		F56D2AFE1D3121AC004A92DD /* Products */ = {
			isa = PBXGroup;
			children = (
				F56D2AFD1D3121AC004A92DD /* Daza.app */,
				F56D2B131D3121AC004A92DD /* DazaTests.xctest */,
				F56D2B1E1D3121AC004A92DD /* DazaUITests.xctest */,
			);
			name = Products;
			sourceTree = "<group>";
		};
		F56D2AFF1D3121AC004A92DD /* Daza */ = {
			isa = PBXGroup;
			children = (
				F5715BBA1D353F0000F1CBE5 /* Apis */,
				F56D2B001D3121AC004A92DD /* AppDelegate.swift */,
				F56D2B091D3121AC004A92DD /* Assets.xcassets */,
				87A9EB23B9EE744469DCA117 /* Controllers */,
				F5F23E361D32904800234104 /* Daza-Bridging-Header.h */,
				87A9E8CC006EAD99528D2E58 /* Events */,
				F519182B1D3364F80012897F /* Extensions */,
				F5A2B57E1D3B82810031AF83 /* Handlers */,
				F56D2B0E1D3121AC004A92DD /* Info.plist */,
				F56D2B0B1D3121AC004A92DD /* LaunchScreen.storyboard */,
				F56D2B061D3121AC004A92DD /* Main.storyboard */,
				87A9EBA6A756C230C11874A5 /* Models */,
				F5F23E4F1D32ABB700234104 /* Resources */,
				87A9EDBED9750E641CD44FD6 /* Utils */,
				F5993DAD1D38B02600495E06 /* Views */,
			);
			path = Daza;
			sourceTree = "<group>";
		};
		F56D2B161D3121AC004A92DD /* DazaTests */ = {
			isa = PBXGroup;
			children = (
				F56D2B171D3121AC004A92DD /* DazaTests.swift */,
				F56D2B191D3121AC004A92DD /* Info.plist */,
			);
			path = DazaTests;
			sourceTree = "<group>";
		};
		F56D2B211D3121AC004A92DD /* DazaUITests */ = {
			isa = PBXGroup;
			children = (
				F56D2B221D3121AC004A92DD /* DazaUITests.swift */,
				F56D2B241D3121AC004A92DD /* Info.plist */,
			);
			path = DazaUITests;
			sourceTree = "<group>";
		};
		F5715BBA1D353F0000F1CBE5 /* Apis */ = {
			isa = PBXGroup;
			children = (
				F5715BBB1D353F0000F1CBE5 /* AccountApi.swift */,
				F5715BBC1D353F0000F1CBE5 /* Api.swift */,
				F5715BBD1D353F0000F1CBE5 /* ArticlesApi.swift */,
				F5715BBE1D353F0000F1CBE5 /* AssetsApi.swift */,
				F5715BC01D353F0000F1CBE5 /* NotificationsApi.swift */,
				F5715BC11D353F0000F1CBE5 /* TagsApi.swift */,
				F5715BC21D353F0000F1CBE5 /* TopicsApi.swift */,
				F5338A191D35490B00B3D44F /* URLs.swift */,
				F5715BC41D353F0000F1CBE5 /* UsersApi.swift */,
				F5FC7D951D438D9D00C6CB17 /* CategoriesApi.swift */,
			);
			path = Apis;
			sourceTree = "<group>";
		};
		F5993DAD1D38B02600495E06 /* Views */ = {
			isa = PBXGroup;
			children = (
				F5342BAC1DB3B637009A5D25 /* TableViewHeaders */,
				F5D41DC71D38DDF00055195C /* TableViewCells */,
				F56DBA4E1D4D8EF300B54D7E /* ArticleCommentBarView.xib */,
				F56DBA501D4D8F0000B54D7E /* ArticleCommentBarView.swift */,
			);
			path = Views;
			sourceTree = "<group>";
		};
		F5A2B57E1D3B82810031AF83 /* Handlers */ = {
			isa = PBXGroup;
			children = (
				F5A2B57F1D3B82810031AF83 /* ErrorHandler.swift */,
				F5FC7D931D431E9400C6CB17 /* DefaultErrorHandler.swift */,
				F50DA7A41D446E950040995B /* DefaultListErrorHandler.swift */,
			);
			path = Handlers;
			sourceTree = "<group>";
		};
		F5D41DC71D38DDF00055195C /* TableViewCells */ = {
			isa = PBXGroup;
			children = (
				F53DCFD01D3D1C65000180E4 /* ArticleBigImageItemCell.xib */,
				F5D41DD01D38E25A0055195C /* ArticleItemCell.swift */,
				F5D41DCC1D38E2370055195C /* ArticleItemCell.xib */,
				F514AE921D41329F00A68590 /* ArticleNoImageItemCell.xib */,
				F514AE871D40DFF300A68590 /* FollowersItemCell.swift */,
				F514AE851D40DFE800A68590 /* FollowersItemCell.xib */,
				F514AE811D40DF3A00A68590 /* FollowingItemCell.swift */,
				F514AE831D40DF4900A68590 /* FollowingItemCell.xib */,
				F5D41DC81D38DDF00055195C /* TopicItemCell.swift */,
				F5D41DCA1D38E1430055195C /* TopicItemCell.xib */,
				F5342BB11DB3BC18009A5D25 /* ArticleCommentItemCell.swift */,
				F5342BB31DB3BC2B009A5D25 /* ArticleCommentItemCell.xib */,
				F553D5111DBA5B61007FB06F /* NotificationItemCell.swift */,
				F553D5131DBA5B79007FB06F /* NotificationItemCell.xib */,
			);
			path = TableViewCells;
			sourceTree = "<group>";
		};
		F5F23E4F1D32ABB700234104 /* Resources */ = {
			isa = PBXGroup;
			children = (
				F5F23E561D32ABFB00234104 /* Localizable.strings */,
			);
			name = Resources;
			sourceTree = "<group>";
		};
/* End PBXGroup section */

/* Begin PBXNativeTarget section */
		F56D2AFC1D3121AC004A92DD /* Daza */ = {
			isa = PBXNativeTarget;
			buildConfigurationList = F56D2B271D3121AC004A92DD /* Build configuration list for PBXNativeTarget "Daza" */;
			buildPhases = (
				34026463DC25CC9F03E62A41 /* [CP] Check Pods Manifest.lock */,
				F56D2AF91D3121AC004A92DD /* Sources */,
				F56D2AFA1D3121AC004A92DD /* Frameworks */,
				F56D2AFB1D3121AC004A92DD /* Resources */,
				0C25A8A466011BD095A58303 /* [CP] Embed Pods Frameworks */,
				466D776BE558AA804664DF01 /* [CP] Copy Pods Resources */,
			);
			buildRules = (
			);
			dependencies = (
			);
			name = Daza;
			productName = Daza;
			productReference = F56D2AFD1D3121AC004A92DD /* Daza.app */;
			productType = "com.apple.product-type.application";
		};
		F56D2B121D3121AC004A92DD /* DazaTests */ = {
			isa = PBXNativeTarget;
			buildConfigurationList = F56D2B2A1D3121AC004A92DD /* Build configuration list for PBXNativeTarget "DazaTests" */;
			buildPhases = (
				53E7CFF364B35F8008BFD334 /* [CP] Check Pods Manifest.lock */,
				F56D2B0F1D3121AC004A92DD /* Sources */,
				F56D2B101D3121AC004A92DD /* Frameworks */,
				F56D2B111D3121AC004A92DD /* Resources */,
				951EC745AE91631875FC04B4 /* [CP] Embed Pods Frameworks */,
				9F2B84FF04E47E8A68652224 /* [CP] Copy Pods Resources */,
			);
			buildRules = (
			);
			dependencies = (
				F56D2B151D3121AC004A92DD /* PBXTargetDependency */,
			);
			name = DazaTests;
			productName = DazaTests;
			productReference = F56D2B131D3121AC004A92DD /* DazaTests.xctest */;
			productType = "com.apple.product-type.bundle.unit-test";
		};
		F56D2B1D1D3121AC004A92DD /* DazaUITests */ = {
			isa = PBXNativeTarget;
			buildConfigurationList = F56D2B2D1D3121AC004A92DD /* Build configuration list for PBXNativeTarget "DazaUITests" */;
			buildPhases = (
				A31EF10B93AE28F830C08D6F /* [CP] Check Pods Manifest.lock */,
				F56D2B1A1D3121AC004A92DD /* Sources */,
				F56D2B1B1D3121AC004A92DD /* Frameworks */,
				F56D2B1C1D3121AC004A92DD /* Resources */,
				649C113C5F1A09EDD4D0AF62 /* [CP] Copy Pods Resources */,
			);
			buildRules = (
			);
			dependencies = (
				F56D2B201D3121AC004A92DD /* PBXTargetDependency */,
			);
			name = DazaUITests;
			productName = DazaUITests;
			productReference = F56D2B1E1D3121AC004A92DD /* DazaUITests.xctest */;
			productType = "com.apple.product-type.bundle.ui-testing";
		};
/* End PBXNativeTarget section */

/* Begin PBXProject section */
		F56D2AF51D3121AB004A92DD /* Project object */ = {
			isa = PBXProject;
			attributes = {
				LastSwiftUpdateCheck = 0730;
				LastUpgradeCheck = 0730;
				ORGANIZATIONNAME = JianyingLi;
				TargetAttributes = {
					F56D2AFC1D3121AC004A92DD = {
						CreatedOnToolsVersion = 7.3.1;
						DevelopmentTeam = 8CBW3QTZNP;
					};
					F56D2B121D3121AC004A92DD = {
						CreatedOnToolsVersion = 7.3.1;
						TestTargetID = F56D2AFC1D3121AC004A92DD;
					};
					F56D2B1D1D3121AC004A92DD = {
						CreatedOnToolsVersion = 7.3.1;
						TestTargetID = F56D2AFC1D3121AC004A92DD;
					};
				};
			};
			buildConfigurationList = F56D2AF81D3121AB004A92DD /* Build configuration list for PBXProject "Daza" */;
			compatibilityVersion = "Xcode 3.2";
			developmentRegion = English;
			hasScannedForEncodings = 0;
			knownRegions = (
				en,
				Base,
				"zh-Hans",
			);
			mainGroup = F56D2AF41D3121AB004A92DD;
			productRefGroup = F56D2AFE1D3121AC004A92DD /* Products */;
			projectDirPath = "";
			projectRoot = "";
			targets = (
				F56D2AFC1D3121AC004A92DD /* Daza */,
				F56D2B121D3121AC004A92DD /* DazaTests */,
				F56D2B1D1D3121AC004A92DD /* DazaUITests */,
			);
		};
/* End PBXProject section */

/* Begin PBXResourcesBuildPhase section */
		F56D2AFB1D3121AC004A92DD /* Resources */ = {
			isa = PBXResourcesBuildPhase;
			buildActionMask = 2147483647;
			files = (
				F53DCFD11D3D1C65000180E4 /* ArticleBigImageItemCell.xib in Resources */,
				F5D41DCB1D38E1430055195C /* TopicItemCell.xib in Resources */,
				F56D2B0D1D3121AC004A92DD /* LaunchScreen.storyboard in Resources */,
				F56D2B0A1D3121AC004A92DD /* Assets.xcassets in Resources */,
				F56D2B081D3121AC004A92DD /* Main.storyboard in Resources */,
				F5F23E541D32ABFB00234104 /* Localizable.strings in Resources */,
				87A9E3316C0FA4311D494D29 /* .gitkeep in Resources */,
				F514AE841D40DF4900A68590 /* FollowingItemCell.xib in Resources */,
				F5D41DCD1D38E2370055195C /* ArticleItemCell.xib in Resources */,
				F514AE931D41329F00A68590 /* ArticleNoImageItemCell.xib in Resources */,
				F553D5141DBA5B79007FB06F /* NotificationItemCell.xib in Resources */,
				F5342BB01DB3B637009A5D25 /* TopicDetailHeaderView.xib in Resources */,
				F5342BB41DB3BC2B009A5D25 /* ArticleCommentItemCell.xib in Resources */,
				F514AE861D40DFE800A68590 /* FollowersItemCell.xib in Resources */,
				F56DBA4F1D4D8EF300B54D7E /* ArticleCommentBarView.xib in Resources */,
			);
			runOnlyForDeploymentPostprocessing = 0;
		};
		F56D2B111D3121AC004A92DD /* Resources */ = {
			isa = PBXResourcesBuildPhase;
			buildActionMask = 2147483647;
			files = (
			);
			runOnlyForDeploymentPostprocessing = 0;
		};
		F56D2B1C1D3121AC004A92DD /* Resources */ = {
			isa = PBXResourcesBuildPhase;
			buildActionMask = 2147483647;
			files = (
			);
			runOnlyForDeploymentPostprocessing = 0;
		};
/* End PBXResourcesBuildPhase section */

/* Begin PBXShellScriptBuildPhase section */
		0C25A8A466011BD095A58303 /* [CP] Embed Pods Frameworks */ = {
			isa = PBXShellScriptBuildPhase;
			buildActionMask = 2147483647;
			files = (
			);
			inputPaths = (
			);
			name = "[CP] Embed Pods Frameworks";
			outputPaths = (
			);
			runOnlyForDeploymentPostprocessing = 0;
			shellPath = /bin/sh;
			shellScript = "\"${SRCROOT}/Pods/Target Support Files/Pods-Daza/Pods-Daza-frameworks.sh\"\n";
			showEnvVarsInLog = 0;
		};
		34026463DC25CC9F03E62A41 /* [CP] Check Pods Manifest.lock */ = {
			isa = PBXShellScriptBuildPhase;
			buildActionMask = 2147483647;
			files = (
			);
			inputPaths = (
			);
			name = "[CP] Check Pods Manifest.lock";
			outputPaths = (
			);
			runOnlyForDeploymentPostprocessing = 0;
			shellPath = /bin/sh;
			shellScript = "diff \"${PODS_ROOT}/../Podfile.lock\" \"${PODS_ROOT}/Manifest.lock\" > /dev/null\nif [[ $? != 0 ]] ; then\n    cat << EOM\nerror: The sandbox is not in sync with the Podfile.lock. Run 'pod install' or update your CocoaPods installation.\nEOM\n    exit 1\nfi\n";
			showEnvVarsInLog = 0;
		};
		466D776BE558AA804664DF01 /* [CP] Copy Pods Resources */ = {
			isa = PBXShellScriptBuildPhase;
			buildActionMask = 2147483647;
			files = (
			);
			inputPaths = (
			);
			name = "[CP] Copy Pods Resources";
			outputPaths = (
			);
			runOnlyForDeploymentPostprocessing = 0;
			shellPath = /bin/sh;
			shellScript = "\"${SRCROOT}/Pods/Target Support Files/Pods-Daza/Pods-Daza-resources.sh\"\n";
			showEnvVarsInLog = 0;
		};
		53E7CFF364B35F8008BFD334 /* [CP] Check Pods Manifest.lock */ = {
			isa = PBXShellScriptBuildPhase;
			buildActionMask = 2147483647;
			files = (
			);
			inputPaths = (
			);
			name = "[CP] Check Pods Manifest.lock";
			outputPaths = (
			);
			runOnlyForDeploymentPostprocessing = 0;
			shellPath = /bin/sh;
			shellScript = "diff \"${PODS_ROOT}/../Podfile.lock\" \"${PODS_ROOT}/Manifest.lock\" > /dev/null\nif [[ $? != 0 ]] ; then\n    cat << EOM\nerror: The sandbox is not in sync with the Podfile.lock. Run 'pod install' or update your CocoaPods installation.\nEOM\n    exit 1\nfi\n";
			showEnvVarsInLog = 0;
		};
		649C113C5F1A09EDD4D0AF62 /* [CP] Copy Pods Resources */ = {
			isa = PBXShellScriptBuildPhase;
			buildActionMask = 2147483647;
			files = (
			);
			inputPaths = (
			);
			name = "[CP] Copy Pods Resources";
			outputPaths = (
			);
			runOnlyForDeploymentPostprocessing = 0;
			shellPath = /bin/sh;
			shellScript = "\"${SRCROOT}/Pods/Target Support Files/Pods-DazaUITests/Pods-DazaUITests-resources.sh\"\n";
			showEnvVarsInLog = 0;
		};
		951EC745AE91631875FC04B4 /* [CP] Embed Pods Frameworks */ = {
			isa = PBXShellScriptBuildPhase;
			buildActionMask = 2147483647;
			files = (
			);
			inputPaths = (
			);
			name = "[CP] Embed Pods Frameworks";
			outputPaths = (
			);
			runOnlyForDeploymentPostprocessing = 0;
			shellPath = /bin/sh;
			shellScript = "\"${SRCROOT}/Pods/Target Support Files/Pods-DazaTests/Pods-DazaTests-frameworks.sh\"\n";
			showEnvVarsInLog = 0;
		};
		9F2B84FF04E47E8A68652224 /* [CP] Copy Pods Resources */ = {
			isa = PBXShellScriptBuildPhase;
			buildActionMask = 2147483647;
			files = (
			);
			inputPaths = (
			);
			name = "[CP] Copy Pods Resources";
			outputPaths = (
			);
			runOnlyForDeploymentPostprocessing = 0;
			shellPath = /bin/sh;
			shellScript = "\"${SRCROOT}/Pods/Target Support Files/Pods-DazaTests/Pods-DazaTests-resources.sh\"\n";
			showEnvVarsInLog = 0;
		};
		A31EF10B93AE28F830C08D6F /* [CP] Check Pods Manifest.lock */ = {
			isa = PBXShellScriptBuildPhase;
			buildActionMask = 2147483647;
			files = (
			);
			inputPaths = (
			);
			name = "[CP] Check Pods Manifest.lock";
			outputPaths = (
			);
			runOnlyForDeploymentPostprocessing = 0;
			shellPath = /bin/sh;
			shellScript = "diff \"${PODS_ROOT}/../Podfile.lock\" \"${PODS_ROOT}/Manifest.lock\" > /dev/null\nif [[ $? != 0 ]] ; then\n    cat << EOM\nerror: The sandbox is not in sync with the Podfile.lock. Run 'pod install' or update your CocoaPods installation.\nEOM\n    exit 1\nfi\n";
			showEnvVarsInLog = 0;
		};
/* End PBXShellScriptBuildPhase section */

/* Begin PBXSourcesBuildPhase section */
		F56D2AF91D3121AC004A92DD /* Sources */ = {
			isa = PBXSourcesBuildPhase;
			buildActionMask = 2147483647;
			files = (
				F56D2B011D3121AC004A92DD /* AppDelegate.swift in Sources */,
				F51918331D33677B0012897F /* ArticlesController.swift in Sources */,
				F51918321D33677B0012897F /* HomeExploreController.swift in Sources */,
				F5F23E3F1D32A59800234104 /* HomeController.swift in Sources */,
				87A9E1694B7A710269A80A3D /* Tag.swift in Sources */,
				F5715BCE1D353F0000F1CBE5 /* UsersApi.swift in Sources */,
				87A9EF8BA4E71486C947AACF /* User.swift in Sources */,
				F51918411D33E48C0012897F /* SearchController.swift in Sources */,
				F5D41DDB1D3B3CD50055195C /* ArticleViewer.swift in Sources */,
				F5985C071D66AD030033CE65 /* ArticleTag.swift in Sources */,
				F51918381D337C0B0012897F /* ArticleCommentsController.swift in Sources */,
				F51D307D1D471ED700B3416F /* BaseWebViewController.swift in Sources */,
				F5715BCA1D353F0000F1CBE5 /* NotificationsApi.swift in Sources */,
				F56DBA531D4E065C00B54D7E /* ArticleCommentCreateController.swift in Sources */,
				F5342F101D3FB0F50076BBF8 /* FollowingController.swift in Sources */,
				87A9E778BC2C5BBE943FA230 /* Asset.swift in Sources */,
				F50DA7A51D446E950040995B /* DefaultListErrorHandler.swift in Sources */,
				F5F29B561D360D6400071F04 /* ResultOfObject.swift in Sources */,
				87A9E7D886BA6F11CF2CB320 /* Topic.swift in Sources */,
				F5F29B541D360CFE00071F04 /* Pagination.swift in Sources */,
				F5715BC71D353F0000F1CBE5 /* ArticlesApi.swift in Sources */,
				F5715BC61D353F0000F1CBE5 /* Api.swift in Sources */,
				F5D41DC91D38DDF00055195C /* TopicItemCell.swift in Sources */,
				F5715BCB1D353F0000F1CBE5 /* TagsApi.swift in Sources */,
				F56DBA511D4D8F0000B54D7E /* ArticleCommentBarView.swift in Sources */,
				87A9EEBC6C4B59CC03C29050 /* Article.swift in Sources */,
				F51D30831D47800700B3416F /* OwnFavoritesController.swift in Sources */,
				F514AE821D40DF3A00A68590 /* FollowingItemCell.swift in Sources */,
				F514AE8A1D4104ED00A68590 /* NotificationSettingsController.swift in Sources */,
				F5D41DD91D3B3C860055195C /* TopicSubscriber.swift in Sources */,
				F514AE881D40DFF300A68590 /* FollowersItemCell.swift in Sources */,
				F51918281D3363890012897F /* HomeMineController.swift in Sources */,
				F5F29B5A1D36A1A700071F04 /* BaseViewController.swift in Sources */,
				F5338A1C1D354A3500B3D44F /* Result.swift in Sources */,
				F51918391D337C0B0012897F /* ArticleDetailController.swift in Sources */,
				F5FC7D961D438D9D00C6CB17 /* CategoriesApi.swift in Sources */,
				F5715BC81D353F0000F1CBE5 /* AssetsApi.swift in Sources */,
				F51D307F1D477F7400B3416F /* OwnArticlesController.swift in Sources */,
				F519184E1D34DA310012897F /* NSObjectExtension.swift in Sources */,
				87A9E137F2134802C2C6A256 /* ArticleLike.swift in Sources */,
				F5FC7D8A1D41F96000C6CB17 /* UserRelationship.swift in Sources */,
				F5338A1A1D35490B00B3D44F /* URLs.swift in Sources */,
				F5FC7D941D431E9400C6CB17 /* DefaultErrorHandler.swift in Sources */,
				F5F23E3B1D329FE200234104 /* Model.swift in Sources */,
				F5342BA91DB25B3C009A5D25 /* UserConfig.swift in Sources */,
				87A9EBE7A069F7FA29B9AE27 /* Notification.swift in Sources */,
				F5FC7D8E1D427AD500C6CB17 /* ModifyPasswordController.swift in Sources */,
				F5F23E3D1D32A55B00234104 /* RegisterController.swift in Sources */,
				F5D41DD51D3B2BCC0055195C /* NotificationsController.swift in Sources */,
				F5FC7D8C1D427A9C00C6CB17 /* ResetPasswordController.swift in Sources */,
				F51918241D33621F0012897F /* BaseTableViewController.swift in Sources */,
				F51918431D33E8150012897F /* UserDetailController.swift in Sources */,
				F51D30811D477F8200B3416F /* OwnTopicsController.swift in Sources */,
				F5715BC51D353F0000F1CBE5 /* AccountApi.swift in Sources */,
				F519183A1D337C0B0012897F /* ArticleLikesController.swift in Sources */,
				F51918451D33EA070012897F /* BaseGroupedListController.swift in Sources */,
				F5A2B5821D3CEC690031AF83 /* UIColorExtension.swift in Sources */,
				F5B5D5EB1D3F4B97009EE5AD /* AccountController.swift in Sources */,
				F514AE8F1D410D5E00A68590 /* HomeIndexController.swift in Sources */,
				F553D5121DBA5B61007FB06F /* NotificationItemCell.swift in Sources */,
				F5F23E431D32A5FB00234104 /* TopicDetailController.swift in Sources */,
				F5D41DD11D38E25A0055195C /* ArticleItemCell.swift in Sources */,
				F5F23E411D32A5EA00234104 /* SettingsController.swift in Sources */,
				F5A6AFE01D46515000B89E7A /* Error.swift in Sources */,
				F519182D1D3364F80012897F /* UIViewControllerExtension.swift in Sources */,
				F5B5D5ED1D3F53AE009EE5AD /* ModifyProfileController.swift in Sources */,
				F519182F1D33668D0012897F /* BaseNavigationController.swift in Sources */,
				F5A2B5801D3B82810031AF83 /* ErrorHandler.swift in Sources */,
				F5342F0E1D3FB0E10076BBF8 /* FollowersController.swift in Sources */,
				F519184C1D34BB310012897F /* InAppBrowserController.swift in Sources */,
				F52C55241D3E710100819C6D /* UIViewExtension.swift in Sources */,
				F5D41DD71D3B2DDB0055195C /* Auth.swift in Sources */,
				87A9E6FFFD865256D58D2101 /* ArticleComment.swift in Sources */,
				F5F29B5C1D36A33B00071F04 /* AboutController.swift in Sources */,
				F5342BB21DB3BC18009A5D25 /* ArticleCommentItemCell.swift in Sources */,
				F5FC7D901D431C7600C6CB17 /* BuildConfig.swift in Sources */,
				F5F29B581D360D7100071F04 /* ResultOfArray.swift in Sources */,
				F5B5D5E91D3F2B16009EE5AD /* UIApplicationExtension.swift in Sources */,
				F58C21DC1DB7A2E300193336 /* Thumbnail.swift in Sources */,
				F51918261D33629A0012897F /* BaseListController.swift in Sources */,
				F5342BAB1DB25E27009A5D25 /* ArticleVote.swift in Sources */,
				F514AE911D410D7200A68590 /* BaseButtonBarPagerTabStripViewController.swift in Sources */,
				F5985C051D66AC9C0033CE65 /* AccessToken.swift in Sources */,
				F519183B1D337C0B0012897F /* TopicCreateController.swift in Sources */,
				87A9ECA0E17B0C722735E6F4 /* LoginController.swift in Sources */,
				F5715BCC1D353F0000F1CBE5 /* TopicsApi.swift in Sources */,
				F5342BAF1DB3B637009A5D25 /* TopicDetailHeaderView.swift in Sources */,
				F5342F1B1D4083D60076BBF8 /* Category.swift in Sources */,
			);
			runOnlyForDeploymentPostprocessing = 0;
		};
		F56D2B0F1D3121AC004A92DD /* Sources */ = {
			isa = PBXSourcesBuildPhase;
			buildActionMask = 2147483647;
			files = (
				F56D2B181D3121AC004A92DD /* DazaTests.swift in Sources */,
			);
			runOnlyForDeploymentPostprocessing = 0;
		};
		F56D2B1A1D3121AC004A92DD /* Sources */ = {
			isa = PBXSourcesBuildPhase;
			buildActionMask = 2147483647;
			files = (
				F56D2B231D3121AC004A92DD /* DazaUITests.swift in Sources */,
			);
			runOnlyForDeploymentPostprocessing = 0;
		};
/* End PBXSourcesBuildPhase section */

/* Begin PBXTargetDependency section */
		F56D2B151D3121AC004A92DD /* PBXTargetDependency */ = {
			isa = PBXTargetDependency;
			target = F56D2AFC1D3121AC004A92DD /* Daza */;
			targetProxy = F56D2B141D3121AC004A92DD /* PBXContainerItemProxy */;
		};
		F56D2B201D3121AC004A92DD /* PBXTargetDependency */ = {
			isa = PBXTargetDependency;
			target = F56D2AFC1D3121AC004A92DD /* Daza */;
			targetProxy = F56D2B1F1D3121AC004A92DD /* PBXContainerItemProxy */;
		};
/* End PBXTargetDependency section */

/* Begin PBXVariantGroup section */
		F56D2B061D3121AC004A92DD /* Main.storyboard */ = {
			isa = PBXVariantGroup;
			children = (
				F56D2B071D3121AC004A92DD /* Base */,
			);
			name = Main.storyboard;
			sourceTree = "<group>";
		};
		F56D2B0B1D3121AC004A92DD /* LaunchScreen.storyboard */ = {
			isa = PBXVariantGroup;
			children = (
				F56D2B0C1D3121AC004A92DD /* Base */,
			);
			name = LaunchScreen.storyboard;
			sourceTree = "<group>";
		};
		F5F23E561D32ABFB00234104 /* Localizable.strings */ = {
			isa = PBXVariantGroup;
			children = (
				F5F23E551D32ABFB00234104 /* en */,
				F5F23E571D32ACB300234104 /* zh-Hans */,
			);
			name = Localizable.strings;
			path = Resources;
			sourceTree = "<group>";
		};
/* End PBXVariantGroup section */

/* Begin XCBuildConfiguration section */
		F56D2B251D3121AC004A92DD /* Debug */ = {
			isa = XCBuildConfiguration;
			buildSettings = {
				ALWAYS_SEARCH_USER_PATHS = NO;
				CLANG_ANALYZER_NONNULL = YES;
				CLANG_CXX_LANGUAGE_STANDARD = "gnu++0x";
				CLANG_CXX_LIBRARY = "libc++";
				CLANG_ENABLE_MODULES = YES;
				CLANG_ENABLE_OBJC_ARC = YES;
				CLANG_WARN_BOOL_CONVERSION = YES;
				CLANG_WARN_CONSTANT_CONVERSION = YES;
				CLANG_WARN_DIRECT_OBJC_ISA_USAGE = YES_ERROR;
				CLANG_WARN_EMPTY_BODY = YES;
				CLANG_WARN_ENUM_CONVERSION = YES;
				CLANG_WARN_INT_CONVERSION = YES;
				CLANG_WARN_OBJC_ROOT_CLASS = YES_ERROR;
				CLANG_WARN_UNREACHABLE_CODE = YES;
				CLANG_WARN__DUPLICATE_METHOD_MATCH = YES;
				"CODE_SIGN_IDENTITY[sdk=iphoneos*]" = "iPhone Developer";
				COPY_PHASE_STRIP = NO;
				DEBUG_INFORMATION_FORMAT = dwarf;
				ENABLE_STRICT_OBJC_MSGSEND = YES;
				ENABLE_TESTABILITY = YES;
				GCC_C_LANGUAGE_STANDARD = gnu99;
				GCC_DYNAMIC_NO_PIC = NO;
				GCC_NO_COMMON_BLOCKS = YES;
				GCC_OPTIMIZATION_LEVEL = 0;
				GCC_PREPROCESSOR_DEFINITIONS = (
					"DEBUG=1",
					"$(inherited)",
				);
				GCC_WARN_64_TO_32_BIT_CONVERSION = YES;
				GCC_WARN_ABOUT_RETURN_TYPE = YES_ERROR;
				GCC_WARN_UNDECLARED_SELECTOR = YES;
				GCC_WARN_UNINITIALIZED_AUTOS = YES_AGGRESSIVE;
				GCC_WARN_UNUSED_FUNCTION = YES;
				GCC_WARN_UNUSED_VARIABLE = YES;
				IPHONEOS_DEPLOYMENT_TARGET = 9.3;
				MTL_ENABLE_DEBUG_INFO = YES;
				ONLY_ACTIVE_ARCH = YES;
				SDKROOT = iphoneos;
				SWIFT_OPTIMIZATION_LEVEL = "-Onone";
			};
			name = Debug;
		};
		F56D2B261D3121AC004A92DD /* Release */ = {
			isa = XCBuildConfiguration;
			buildSettings = {
				ALWAYS_SEARCH_USER_PATHS = NO;
				CLANG_ANALYZER_NONNULL = YES;
				CLANG_CXX_LANGUAGE_STANDARD = "gnu++0x";
				CLANG_CXX_LIBRARY = "libc++";
				CLANG_ENABLE_MODULES = YES;
				CLANG_ENABLE_OBJC_ARC = YES;
				CLANG_WARN_BOOL_CONVERSION = YES;
				CLANG_WARN_CONSTANT_CONVERSION = YES;
				CLANG_WARN_DIRECT_OBJC_ISA_USAGE = YES_ERROR;
				CLANG_WARN_EMPTY_BODY = YES;
				CLANG_WARN_ENUM_CONVERSION = YES;
				CLANG_WARN_INT_CONVERSION = YES;
				CLANG_WARN_OBJC_ROOT_CLASS = YES_ERROR;
				CLANG_WARN_UNREACHABLE_CODE = YES;
				CLANG_WARN__DUPLICATE_METHOD_MATCH = YES;
				"CODE_SIGN_IDENTITY[sdk=iphoneos*]" = "iPhone Developer";
				COPY_PHASE_STRIP = NO;
				DEBUG_INFORMATION_FORMAT = "dwarf-with-dsym";
				ENABLE_NS_ASSERTIONS = NO;
				ENABLE_STRICT_OBJC_MSGSEND = YES;
				GCC_C_LANGUAGE_STANDARD = gnu99;
				GCC_NO_COMMON_BLOCKS = YES;
				GCC_WARN_64_TO_32_BIT_CONVERSION = YES;
				GCC_WARN_ABOUT_RETURN_TYPE = YES_ERROR;
				GCC_WARN_UNDECLARED_SELECTOR = YES;
				GCC_WARN_UNINITIALIZED_AUTOS = YES_AGGRESSIVE;
				GCC_WARN_UNUSED_FUNCTION = YES;
				GCC_WARN_UNUSED_VARIABLE = YES;
				IPHONEOS_DEPLOYMENT_TARGET = 9.3;
				MTL_ENABLE_DEBUG_INFO = NO;
				SDKROOT = iphoneos;
				VALIDATE_PRODUCT = YES;
			};
			name = Release;
		};
		F56D2B281D3121AC004A92DD /* Debug */ = {
			isa = XCBuildConfiguration;
			baseConfigurationReference = 77DCAD0F35B9AC7D13EB644C /* Pods-Daza.debug.xcconfig */;
			buildSettings = {
				ASSETCATALOG_COMPILER_APPICON_NAME = AppIcon;
				CLANG_ENABLE_MODULES = YES;
				CODE_SIGN_IDENTITY = "iPhone Developer";
				"CODE_SIGN_IDENTITY[sdk=iphoneos*]" = "iPhone Developer";
				INFOPLIST_FILE = Daza/Info.plist;
				LD_RUNPATH_SEARCH_PATHS = "$(inherited) @executable_path/Frameworks";
				PRODUCT_BUNDLE_IDENTIFIER = io.daza.app;
				PRODUCT_NAME = "$(TARGET_NAME)";
				PROVISIONING_PROFILE = "";
				SWIFT_OBJC_BRIDGING_HEADER = "Daza/Daza-Bridging-Header.h";
				SWIFT_OPTIMIZATION_LEVEL = "-Onone";
			};
			name = Debug;
		};
		F56D2B291D3121AC004A92DD /* Release */ = {
			isa = XCBuildConfiguration;
			baseConfigurationReference = B7F162B90DA60CD6533A6022 /* Pods-Daza.release.xcconfig */;
			buildSettings = {
				ASSETCATALOG_COMPILER_APPICON_NAME = AppIcon;
				CLANG_ENABLE_MODULES = YES;
				CODE_SIGN_IDENTITY = "iPhone Developer";
				"CODE_SIGN_IDENTITY[sdk=iphoneos*]" = "iPhone Developer";
				INFOPLIST_FILE = Daza/Info.plist;
				LD_RUNPATH_SEARCH_PATHS = "$(inherited) @executable_path/Frameworks";
				PRODUCT_BUNDLE_IDENTIFIER = io.daza.app;
				PRODUCT_NAME = "$(TARGET_NAME)";
				PROVISIONING_PROFILE = "";
				SWIFT_OBJC_BRIDGING_HEADER = "Daza/Daza-Bridging-Header.h";
			};
			name = Release;
		};
		F56D2B2B1D3121AC004A92DD /* Debug */ = {
			isa = XCBuildConfiguration;
			baseConfigurationReference = 5F6D34763D9344032CC65175 /* Pods-DazaTests.debug.xcconfig */;
			buildSettings = {
				BUNDLE_LOADER = "$(TEST_HOST)";
				INFOPLIST_FILE = DazaTests/Info.plist;
				LD_RUNPATH_SEARCH_PATHS = "$(inherited) @executable_path/Frameworks @loader_path/Frameworks";
				PRODUCT_BUNDLE_IDENTIFIER = io.daza.DazaTests;
				PRODUCT_NAME = "$(TARGET_NAME)";
				TEST_HOST = "$(BUILT_PRODUCTS_DIR)/Daza.app/Daza";
			};
			name = Debug;
		};
		F56D2B2C1D3121AC004A92DD /* Release */ = {
			isa = XCBuildConfiguration;
			baseConfigurationReference = 56F87294E8F607D52133F939 /* Pods-DazaTests.release.xcconfig */;
			buildSettings = {
				BUNDLE_LOADER = "$(TEST_HOST)";
				INFOPLIST_FILE = DazaTests/Info.plist;
				LD_RUNPATH_SEARCH_PATHS = "$(inherited) @executable_path/Frameworks @loader_path/Frameworks";
				PRODUCT_BUNDLE_IDENTIFIER = io.daza.DazaTests;
				PRODUCT_NAME = "$(TARGET_NAME)";
				TEST_HOST = "$(BUILT_PRODUCTS_DIR)/Daza.app/Daza";
			};
			name = Release;
		};
		F56D2B2E1D3121AC004A92DD /* Debug */ = {
			isa = XCBuildConfiguration;
			baseConfigurationReference = 567A82E691D0DB693735A9DB /* Pods-DazaUITests.debug.xcconfig */;
			buildSettings = {
				INFOPLIST_FILE = DazaUITests/Info.plist;
				LD_RUNPATH_SEARCH_PATHS = "$(inherited) @executable_path/Frameworks @loader_path/Frameworks";
				PRODUCT_BUNDLE_IDENTIFIER = io.daza.DazaUITests;
				PRODUCT_NAME = "$(TARGET_NAME)";
				TEST_TARGET_NAME = Daza;
			};
			name = Debug;
		};
		F56D2B2F1D3121AC004A92DD /* Release */ = {
			isa = XCBuildConfiguration;
			baseConfigurationReference = FC6C9DB5D25909607728FCB2 /* Pods-DazaUITests.release.xcconfig */;
			buildSettings = {
				INFOPLIST_FILE = DazaUITests/Info.plist;
				LD_RUNPATH_SEARCH_PATHS = "$(inherited) @executable_path/Frameworks @loader_path/Frameworks";
				PRODUCT_BUNDLE_IDENTIFIER = io.daza.DazaUITests;
				PRODUCT_NAME = "$(TARGET_NAME)";
				TEST_TARGET_NAME = Daza;
			};
			name = Release;
		};
/* End XCBuildConfiguration section */

/* Begin XCConfigurationList section */
		F56D2AF81D3121AB004A92DD /* Build configuration list for PBXProject "Daza" */ = {
			isa = XCConfigurationList;
			buildConfigurations = (
				F56D2B251D3121AC004A92DD /* Debug */,
				F56D2B261D3121AC004A92DD /* Release */,
			);
			defaultConfigurationIsVisible = 0;
			defaultConfigurationName = Release;
		};
		F56D2B271D3121AC004A92DD /* Build configuration list for PBXNativeTarget "Daza" */ = {
			isa = XCConfigurationList;
			buildConfigurations = (
				F56D2B281D3121AC004A92DD /* Debug */,
				F56D2B291D3121AC004A92DD /* Release */,
			);
			defaultConfigurationIsVisible = 0;
			defaultConfigurationName = Release;
		};
		F56D2B2A1D3121AC004A92DD /* Build configuration list for PBXNativeTarget "DazaTests" */ = {
			isa = XCConfigurationList;
			buildConfigurations = (
				F56D2B2B1D3121AC004A92DD /* Debug */,
				F56D2B2C1D3121AC004A92DD /* Release */,
			);
			defaultConfigurationIsVisible = 0;
			defaultConfigurationName = Release;
		};
		F56D2B2D1D3121AC004A92DD /* Build configuration list for PBXNativeTarget "DazaUITests" */ = {
			isa = XCConfigurationList;
			buildConfigurations = (
				F56D2B2E1D3121AC004A92DD /* Debug */,
				F56D2B2F1D3121AC004A92DD /* Release */,
			);
			defaultConfigurationIsVisible = 0;
			defaultConfigurationName = Release;
		};
/* End XCConfigurationList section */
	};
	rootObject = F56D2AF51D3121AB004A92DD /* Project object */;
}
